// !$*UTF8*$!
{
	archiveVersion = 1;
	classes = {
	};
	objectVersion = 46;
	objects = {

/* Begin PBXBuildFile section */
		E3F186FE20036DD7006BA9ED /* AppDelegate.swift in Sources */ = {isa = PBXBuildFile; fileRef = E3F186FD20036DD7006BA9ED /* AppDelegate.swift */; };
		E3F1870020036DD7006BA9ED /* ViewController.swift in Sources */ = {isa = PBXBuildFile; fileRef = E3F186FF20036DD7006BA9ED /* ViewController.swift */; };
		E3F1870320036DD7006BA9ED /* Main.storyboard in Resources */ = {isa = PBXBuildFile; fileRef = E3F1870120036DD7006BA9ED /* Main.storyboard */; };
		E3F1870520036DD7006BA9ED /* Assets.xcassets in Resources */ = {isa = PBXBuildFile; fileRef = E3F1870420036DD7006BA9ED /* Assets.xcassets */; };
		E3F1870820036DD7006BA9ED /* LaunchScreen.storyboard in Resources */ = {isa = PBXBuildFile; fileRef = E3F1870620036DD7006BA9ED /* LaunchScreen.storyboard */; };
		E3F1871320036DD8006BA9ED /* Design_Pattern_For_SwiftTests.swift in Sources */ = {isa = PBXBuildFile; fileRef = E3F1871220036DD8006BA9ED /* Design_Pattern_For_SwiftTests.swift */; };
		E3F1871E20036DD8006BA9ED /* Design_Pattern_For_SwiftUITests.swift in Sources */ = {isa = PBXBuildFile; fileRef = E3F1871D20036DD8006BA9ED /* Design_Pattern_For_SwiftUITests.swift */; };
		E3F1879D2005F690006BA9ED /* 简单工厂模式.png in Resources */ = {isa = PBXBuildFile; fileRef = E3F1879C2005F690006BA9ED /* 简单工厂模式.png */; };
		E3F187A12005FABC006BA9ED /* SimpleFactoryClient.swift in Sources */ = {isa = PBXBuildFile; fileRef = E3F187A02005FABC006BA9ED /* SimpleFactoryClient.swift */; };
		E3F187A32005FC91006BA9ED /* NERole.swift in Sources */ = {isa = PBXBuildFile; fileRef = E3F187A22005FC91006BA9ED /* NERole.swift */; };
		E3F187A52005FEAE006BA9ED /* NERoleFactory.swift in Sources */ = {isa = PBXBuildFile; fileRef = E3F187A42005FEAE006BA9ED /* NERoleFactory.swift */; };
		E3F187A72005FF7F006BA9ED /* NERoleGuanYu.swift in Sources */ = {isa = PBXBuildFile; fileRef = E3F187A62005FF7F006BA9ED /* NERoleGuanYu.swift */; };
		E3F187A920060082006BA9ED /* NERoleXiaoQiao.swift in Sources */ = {isa = PBXBuildFile; fileRef = E3F187A820060082006BA9ED /* NERoleXiaoQiao.swift */; };
		E3F187AB200602A5006BA9ED /* NERoleLvBu.swift in Sources */ = {isa = PBXBuildFile; fileRef = E3F187AA200602A5006BA9ED /* NERoleLvBu.swift */; };
		E3F187AD200602F1006BA9ED /* NERoleAKe.swift in Sources */ = {isa = PBXBuildFile; fileRef = E3F187AC200602F1006BA9ED /* NERoleAKe.swift */; };
/* End PBXBuildFile section */

/* Begin PBXContainerItemProxy section */
		E3F1870F20036DD8006BA9ED /* PBXContainerItemProxy */ = {
			isa = PBXContainerItemProxy;
			containerPortal = E3F186F220036DD7006BA9ED /* Project object */;
			proxyType = 1;
			remoteGlobalIDString = E3F186F920036DD7006BA9ED;
			remoteInfo = "Design-Pattern-For-Swift";
		};
		E3F1871A20036DD8006BA9ED /* PBXContainerItemProxy */ = {
			isa = PBXContainerItemProxy;
			containerPortal = E3F186F220036DD7006BA9ED /* Project object */;
			proxyType = 1;
			remoteGlobalIDString = E3F186F920036DD7006BA9ED;
			remoteInfo = "Design-Pattern-For-Swift";
		};
/* End PBXContainerItemProxy section */

/* Begin PBXFileReference section */
		E3F186FA20036DD7006BA9ED /* Design-Pattern-For-Swift.app */ = {isa = PBXFileReference; explicitFileType = wrapper.application; includeInIndex = 0; path = "Design-Pattern-For-Swift.app"; sourceTree = BUILT_PRODUCTS_DIR; };
		E3F186FD20036DD7006BA9ED /* AppDelegate.swift */ = {isa = PBXFileReference; lastKnownFileType = sourcecode.swift; path = AppDelegate.swift; sourceTree = "<group>"; };
		E3F186FF20036DD7006BA9ED /* ViewController.swift */ = {isa = PBXFileReference; lastKnownFileType = sourcecode.swift; path = ViewController.swift; sourceTree = "<group>"; };
		E3F1870220036DD7006BA9ED /* Base */ = {isa = PBXFileReference; lastKnownFileType = file.storyboard; name = Base; path = Base.lproj/Main.storyboard; sourceTree = "<group>"; };
		E3F1870420036DD7006BA9ED /* Assets.xcassets */ = {isa = PBXFileReference; lastKnownFileType = folder.assetcatalog; path = Assets.xcassets; sourceTree = "<group>"; };
		E3F1870720036DD7006BA9ED /* Base */ = {isa = PBXFileReference; lastKnownFileType = file.storyboard; name = Base; path = Base.lproj/LaunchScreen.storyboard; sourceTree = "<group>"; };
		E3F1870920036DD7006BA9ED /* Info.plist */ = {isa = PBXFileReference; lastKnownFileType = text.plist.xml; path = Info.plist; sourceTree = "<group>"; };
		E3F1870E20036DD8006BA9ED /* Design-Pattern-For-SwiftTests.xctest */ = {isa = PBXFileReference; explicitFileType = wrapper.cfbundle; includeInIndex = 0; path = "Design-Pattern-For-SwiftTests.xctest"; sourceTree = BUILT_PRODUCTS_DIR; };
		E3F1871220036DD8006BA9ED /* Design_Pattern_For_SwiftTests.swift */ = {isa = PBXFileReference; lastKnownFileType = sourcecode.swift; path = Design_Pattern_For_SwiftTests.swift; sourceTree = "<group>"; };
		E3F1871420036DD8006BA9ED /* Info.plist */ = {isa = PBXFileReference; lastKnownFileType = text.plist.xml; path = Info.plist; sourceTree = "<group>"; };
		E3F1871920036DD8006BA9ED /* Design-Pattern-For-SwiftUITests.xctest */ = {isa = PBXFileReference; explicitFileType = wrapper.cfbundle; includeInIndex = 0; path = "Design-Pattern-For-SwiftUITests.xctest"; sourceTree = BUILT_PRODUCTS_DIR; };
		E3F1871D20036DD8006BA9ED /* Design_Pattern_For_SwiftUITests.swift */ = {isa = PBXFileReference; lastKnownFileType = sourcecode.swift; path = Design_Pattern_For_SwiftUITests.swift; sourceTree = "<group>"; };
		E3F1871F20036DD8006BA9ED /* Info.plist */ = {isa = PBXFileReference; lastKnownFileType = text.plist.xml; path = Info.plist; sourceTree = "<group>"; };
		E3F1879C2005F690006BA9ED /* 简单工厂模式.png */ = {isa = PBXFileReference; lastKnownFileType = image.png; path = "简单工厂模式.png"; sourceTree = "<group>"; };
		E3F187A02005FABC006BA9ED /* SimpleFactoryClient.swift */ = {isa = PBXFileReference; fileEncoding = 4; lastKnownFileType = sourcecode.swift; path = SimpleFactoryClient.swift; sourceTree = "<group>"; };
		E3F187A22005FC91006BA9ED /* NERole.swift */ = {isa = PBXFileReference; fileEncoding = 4; lastKnownFileType = sourcecode.swift; path = NERole.swift; sourceTree = "<group>"; };
		E3F187A42005FEAE006BA9ED /* NERoleFactory.swift */ = {isa = PBXFileReference; fileEncoding = 4; lastKnownFileType = sourcecode.swift; path = NERoleFactory.swift; sourceTree = "<group>"; };
		E3F187A62005FF7F006BA9ED /* NERoleGuanYu.swift */ = {isa = PBXFileReference; fileEncoding = 4; lastKnownFileType = sourcecode.swift; path = NERoleGuanYu.swift; sourceTree = "<group>"; };
		E3F187A820060082006BA9ED /* NERoleXiaoQiao.swift */ = {isa = PBXFileReference; fileEncoding = 4; lastKnownFileType = sourcecode.swift; path = NERoleXiaoQiao.swift; sourceTree = "<group>"; };
		E3F187AA200602A5006BA9ED /* NERoleLvBu.swift */ = {isa = PBXFileReference; fileEncoding = 4; lastKnownFileType = sourcecode.swift; path = NERoleLvBu.swift; sourceTree = "<group>"; };
		E3F187AC200602F1006BA9ED /* NERoleAKe.swift */ = {isa = PBXFileReference; fileEncoding = 4; lastKnownFileType = sourcecode.swift; path = NERoleAKe.swift; sourceTree = "<group>"; };
/* End PBXFileReference section */

/* Begin PBXFrameworksBuildPhase section */
		E3F186F720036DD7006BA9ED /* Frameworks */ = {
			isa = PBXFrameworksBuildPhase;
			buildActionMask = 2147483647;
			files = (
			);
			runOnlyForDeploymentPostprocessing = 0;
		};
		E3F1870B20036DD8006BA9ED /* Frameworks */ = {
			isa = PBXFrameworksBuildPhase;
			buildActionMask = 2147483647;
			files = (
			);
			runOnlyForDeploymentPostprocessing = 0;
		};
		E3F1871620036DD8006BA9ED /* Frameworks */ = {
			isa = PBXFrameworksBuildPhase;
			buildActionMask = 2147483647;
			files = (
			);
			runOnlyForDeploymentPostprocessing = 0;
		};
/* End PBXFrameworksBuildPhase section */

/* Begin PBXGroup section */
		E3F186F120036DD7006BA9ED = {
			isa = PBXGroup;
			children = (
				E3F186FC20036DD7006BA9ED /* Design-Pattern-For-Swift */,
				E3F1871120036DD8006BA9ED /* Design-Pattern-For-SwiftTests */,
				E3F1871C20036DD8006BA9ED /* Design-Pattern-For-SwiftUITests */,
				E3F186FB20036DD7006BA9ED /* Products */,
			);
			sourceTree = "<group>";
		};
		E3F186FB20036DD7006BA9ED /* Products */ = {
			isa = PBXGroup;
			children = (
				E3F186FA20036DD7006BA9ED /* Design-Pattern-For-Swift.app */,
				E3F1870E20036DD8006BA9ED /* Design-Pattern-For-SwiftTests.xctest */,
				E3F1871920036DD8006BA9ED /* Design-Pattern-For-SwiftUITests.xctest */,
			);
			name = Products;
			sourceTree = "<group>";
		};
		E3F186FC20036DD7006BA9ED /* Design-Pattern-For-Swift */ = {
			isa = PBXGroup;
			children = (
				E3F187832005F66B006BA9ED /* 1.简单工厂模式 */,
				E3F187842005F66B006BA9ED /* 2.工厂方法模式 */,
				E3F187852005F66B006BA9ED /* 3.抽象工厂模式 */,
				E3F187862005F66B006BA9ED /* 4.策略模式 */,
				E3F187872005F66B006BA9ED /* 5.代理模式 */,
				E3F187882005F66B006BA9ED /* 6.装饰模式 */,
				E3F187892005F66B006BA9ED /* 7.模板方法模式 */,
				E3F1878A2005F66B006BA9ED /* 8.外观模式 */,
				E3F1878B2005F66B006BA9ED /* 9.建造者模式 */,
				E3F1878C2005F66B006BA9ED /* 10.观察者模式 */,
				E3F1878D2005F66B006BA9ED /* 11.状态模式 */,
				E3F1878E2005F66B006BA9ED /* 12.适配者模式 */,
				E3F1878F2005F66B006BA9ED /* 13.备忘录模式 */,
				E3F187902005F66B006BA9ED /* 14.组合模式 */,
				E3F187912005F66B006BA9ED /* 15.迭代器模式 */,
				E3F187922005F66B006BA9ED /* 16.单例模式 */,
				E3F187932005F66B006BA9ED /* 17.桥接模式 */,
				E3F187942005F66B006BA9ED /* 18.命令模式 */,
				E3F187952005F66B006BA9ED /* 19.职责链模式 */,
				E3F187962005F66B006BA9ED /* 20.中介者模式 */,
				E3F187972005F66B006BA9ED /* 21.享元模式 */,
				E3F187982005F66B006BA9ED /* 22.解释器模式 */,
				E3F187992005F66B006BA9ED /* 23.访问者模式 */,
				E3F1879A2005F66B006BA9ED /* 24.原型模式 */,
				E3F186FD20036DD7006BA9ED /* AppDelegate.swift */,
				E3F186FF20036DD7006BA9ED /* ViewController.swift */,
				E3F1870120036DD7006BA9ED /* Main.storyboard */,
				E3F1870420036DD7006BA9ED /* Assets.xcassets */,
				E3F1870620036DD7006BA9ED /* LaunchScreen.storyboard */,
				E3F1870920036DD7006BA9ED /* Info.plist */,
			);
			path = "Design-Pattern-For-Swift";
			sourceTree = "<group>";
		};
		E3F1871120036DD8006BA9ED /* Design-Pattern-For-SwiftTests */ = {
			isa = PBXGroup;
			children = (
				E3F1871220036DD8006BA9ED /* Design_Pattern_For_SwiftTests.swift */,
				E3F1871420036DD8006BA9ED /* Info.plist */,
			);
			path = "Design-Pattern-For-SwiftTests";
			sourceTree = "<group>";
		};
		E3F1871C20036DD8006BA9ED /* Design-Pattern-For-SwiftUITests */ = {
			isa = PBXGroup;
			children = (
				E3F1871D20036DD8006BA9ED /* Design_Pattern_For_SwiftUITests.swift */,
				E3F1871F20036DD8006BA9ED /* Info.plist */,
			);
			path = "Design-Pattern-For-SwiftUITests";
			sourceTree = "<group>";
		};
		E3F187832005F66B006BA9ED /* 1.简单工厂模式 */ = {
			isa = PBXGroup;
			children = (
				E3F1879B2005F690006BA9ED /* 工厂 */,
				E3F1879C2005F690006BA9ED /* 简单工厂模式.png */,
				E3F187A02005FABC006BA9ED /* SimpleFactoryClient.swift */,
			);
			path = "1.简单工厂模式";
			sourceTree = "<group>";
		};
		E3F187842005F66B006BA9ED /* 2.工厂方法模式 */ = {
			isa = PBXGroup;
			children = (
			);
			path = "2.工厂方法模式";
			sourceTree = "<group>";
		};
		E3F187852005F66B006BA9ED /* 3.抽象工厂模式 */ = {
			isa = PBXGroup;
			children = (
			);
			path = "3.抽象工厂模式";
			sourceTree = "<group>";
		};
		E3F187862005F66B006BA9ED /* 4.策略模式 */ = {
			isa = PBXGroup;
			children = (
			);
			path = "4.策略模式";
			sourceTree = "<group>";
		};
		E3F187872005F66B006BA9ED /* 5.代理模式 */ = {
			isa = PBXGroup;
			children = (
			);
			path = "5.代理模式";
			sourceTree = "<group>";
		};
		E3F187882005F66B006BA9ED /* 6.装饰模式 */ = {
			isa = PBXGroup;
			children = (
			);
			path = "6.装饰模式";
			sourceTree = "<group>";
		};
		E3F187892005F66B006BA9ED /* 7.模板方法模式 */ = {
			isa = PBXGroup;
			children = (
			);
			path = "7.模板方法模式";
			sourceTree = "<group>";
		};
		E3F1878A2005F66B006BA9ED /* 8.外观模式 */ = {
			isa = PBXGroup;
			children = (
			);
			path = "8.外观模式";
			sourceTree = "<group>";
		};
		E3F1878B2005F66B006BA9ED /* 9.建造者模式 */ = {
			isa = PBXGroup;
			children = (
			);
			path = "9.建造者模式";
			sourceTree = "<group>";
		};
		E3F1878C2005F66B006BA9ED /* 10.观察者模式 */ = {
			isa = PBXGroup;
			children = (
			);
			path = "10.观察者模式";
			sourceTree = "<group>";
		};
		E3F1878D2005F66B006BA9ED /* 11.状态模式 */ = {
			isa = PBXGroup;
			children = (
			);
			path = "11.状态模式";
			sourceTree = "<group>";
		};
		E3F1878E2005F66B006BA9ED /* 12.适配者模式 */ = {
			isa = PBXGroup;
			children = (
			);
			path = "12.适配者模式";
			sourceTree = "<group>";
		};
		E3F1878F2005F66B006BA9ED /* 13.备忘录模式 */ = {
			isa = PBXGroup;
			children = (
			);
			path = "13.备忘录模式";
			sourceTree = "<group>";
		};
		E3F187902005F66B006BA9ED /* 14.组合模式 */ = {
			isa = PBXGroup;
			children = (
			);
			path = "14.组合模式";
			sourceTree = "<group>";
		};
		E3F187912005F66B006BA9ED /* 15.迭代器模式 */ = {
			isa = PBXGroup;
			children = (
			);
			path = "15.迭代器模式";
			sourceTree = "<group>";
		};
		E3F187922005F66B006BA9ED /* 16.单例模式 */ = {
			isa = PBXGroup;
			children = (
			);
			path = "16.单例模式";
			sourceTree = "<group>";
		};
		E3F187932005F66B006BA9ED /* 17.桥接模式 */ = {
			isa = PBXGroup;
			children = (
			);
			path = "17.桥接模式";
			sourceTree = "<group>";
		};
		E3F187942005F66B006BA9ED /* 18.命令模式 */ = {
			isa = PBXGroup;
			children = (
			);
			path = "18.命令模式";
			sourceTree = "<group>";
		};
		E3F187952005F66B006BA9ED /* 19.职责链模式 */ = {
			isa = PBXGroup;
			children = (
			);
			path = "19.职责链模式";
			sourceTree = "<group>";
		};
		E3F187962005F66B006BA9ED /* 20.中介者模式 */ = {
			isa = PBXGroup;
			children = (
			);
			path = "20.中介者模式";
			sourceTree = "<group>";
		};
		E3F187972005F66B006BA9ED /* 21.享元模式 */ = {
			isa = PBXGroup;
			children = (
			);
			path = "21.享元模式";
			sourceTree = "<group>";
		};
		E3F187982005F66B006BA9ED /* 22.解释器模式 */ = {
			isa = PBXGroup;
			children = (
			);
			path = "22.解释器模式";
			sourceTree = "<group>";
		};
		E3F187992005F66B006BA9ED /* 23.访问者模式 */ = {
			isa = PBXGroup;
			children = (
			);
			path = "23.访问者模式";
			sourceTree = "<group>";
		};
		E3F1879A2005F66B006BA9ED /* 24.原型模式 */ = {
			isa = PBXGroup;
			children = (
			);
			path = "24.原型模式";
			sourceTree = "<group>";
		};
		E3F1879B2005F690006BA9ED /* 工厂 */ = {
			isa = PBXGroup;
			children = (
				E3F187A22005FC91006BA9ED /* NERole.swift */,
				E3F187AC200602F1006BA9ED /* NERoleAKe.swift */,
				E3F187A62005FF7F006BA9ED /* NERoleGuanYu.swift */,
				E3F187A820060082006BA9ED /* NERoleXiaoQiao.swift */,
				E3F187AA200602A5006BA9ED /* NERoleLvBu.swift */,
				E3F187A42005FEAE006BA9ED /* NERoleFactory.swift */,
			);
			path = "工厂";
			sourceTree = "<group>";
		};
/* End PBXGroup section */

/* Begin PBXNativeTarget section */
		E3F186F920036DD7006BA9ED /* Design-Pattern-For-Swift */ = {
			isa = PBXNativeTarget;
			buildConfigurationList = E3F1872220036DD8006BA9ED /* Build configuration list for PBXNativeTarget "Design-Pattern-For-Swift" */;
			buildPhases = (
				E3F186F620036DD7006BA9ED /* Sources */,
				E3F186F720036DD7006BA9ED /* Frameworks */,
				E3F186F820036DD7006BA9ED /* Resources */,
			);
			buildRules = (
			);
			dependencies = (
			);
			name = "Design-Pattern-For-Swift";
			productName = "Design-Pattern-For-Swift";
			productReference = E3F186FA20036DD7006BA9ED /* Design-Pattern-For-Swift.app */;
			productType = "com.apple.product-type.application";
		};
		E3F1870D20036DD8006BA9ED /* Design-Pattern-For-SwiftTests */ = {
			isa = PBXNativeTarget;
			buildConfigurationList = E3F1872520036DD8006BA9ED /* Build configuration list for PBXNativeTarget "Design-Pattern-For-SwiftTests" */;
			buildPhases = (
				E3F1870A20036DD8006BA9ED /* Sources */,
				E3F1870B20036DD8006BA9ED /* Frameworks */,
				E3F1870C20036DD8006BA9ED /* Resources */,
			);
			buildRules = (
			);
			dependencies = (
				E3F1871020036DD8006BA9ED /* PBXTargetDependency */,
			);
			name = "Design-Pattern-For-SwiftTests";
			productName = "Design-Pattern-For-SwiftTests";
			productReference = E3F1870E20036DD8006BA9ED /* Design-Pattern-For-SwiftTests.xctest */;
			productType = "com.apple.product-type.bundle.unit-test";
		};
		E3F1871820036DD8006BA9ED /* Design-Pattern-For-SwiftUITests */ = {
			isa = PBXNativeTarget;
			buildConfigurationList = E3F1872820036DD8006BA9ED /* Build configuration list for PBXNativeTarget "Design-Pattern-For-SwiftUITests" */;
			buildPhases = (
				E3F1871520036DD8006BA9ED /* Sources */,
				E3F1871620036DD8006BA9ED /* Frameworks */,
				E3F1871720036DD8006BA9ED /* Resources */,
			);
			buildRules = (
			);
			dependencies = (
				E3F1871B20036DD8006BA9ED /* PBXTargetDependency */,
			);
			name = "Design-Pattern-For-SwiftUITests";
			productName = "Design-Pattern-For-SwiftUITests";
			productReference = E3F1871920036DD8006BA9ED /* Design-Pattern-For-SwiftUITests.xctest */;
			productType = "com.apple.product-type.bundle.ui-testing";
		};
/* End PBXNativeTarget section */

/* Begin PBXProject section */
		E3F186F220036DD7006BA9ED /* Project object */ = {
			isa = PBXProject;
			attributes = {
				LastSwiftUpdateCheck = 0830;
				LastUpgradeCheck = 0830;
				ORGANIZATIONNAME = "阮沧晖";
				TargetAttributes = {
					E3F186F920036DD7006BA9ED = {
						CreatedOnToolsVersion = 8.3.3;
						ProvisioningStyle = Automatic;
					};
					E3F1870D20036DD8006BA9ED = {
						CreatedOnToolsVersion = 8.3.3;
						ProvisioningStyle = Automatic;
						TestTargetID = E3F186F920036DD7006BA9ED;
					};
					E3F1871820036DD8006BA9ED = {
						CreatedOnToolsVersion = 8.3.3;
						ProvisioningStyle = Automatic;
						TestTargetID = E3F186F920036DD7006BA9ED;
					};
				};
			};
			buildConfigurationList = E3F186F520036DD7006BA9ED /* Build configuration list for PBXProject "Design-Pattern-For-Swift" */;
			compatibilityVersion = "Xcode 3.2";
			developmentRegion = English;
			hasScannedForEncodings = 0;
			knownRegions = (
				en,
				Base,
			);
			mainGroup = E3F186F120036DD7006BA9ED;
			productRefGroup = E3F186FB20036DD7006BA9ED /* Products */;
			projectDirPath = "";
			projectRoot = "";
			targets = (
				E3F186F920036DD7006BA9ED /* Design-Pattern-For-Swift */,
				E3F1870D20036DD8006BA9ED /* Design-Pattern-For-SwiftTests */,
				E3F1871820036DD8006BA9ED /* Design-Pattern-For-SwiftUITests */,
			);
		};
/* End PBXProject section */

/* Begin PBXResourcesBuildPhase section */
		E3F186F820036DD7006BA9ED /* Resources */ = {
			isa = PBXResourcesBuildPhase;
			buildActionMask = 2147483647;
			files = (
				E3F1870820036DD7006BA9ED /* LaunchScreen.storyboard in Resources */,
				E3F1879D2005F690006BA9ED /* 简单工厂模式.png in Resources */,
				E3F1870520036DD7006BA9ED /* Assets.xcassets in Resources */,
				E3F1870320036DD7006BA9ED /* Main.storyboard in Resources */,
			);
			runOnlyForDeploymentPostprocessing = 0;
		};
		E3F1870C20036DD8006BA9ED /* Resources */ = {
			isa = PBXResourcesBuildPhase;
			buildActionMask = 2147483647;
			files = (
			);
			runOnlyForDeploymentPostprocessing = 0;
		};
		E3F1871720036DD8006BA9ED /* Resources */ = {
			isa = PBXResourcesBuildPhase;
			buildActionMask = 2147483647;
			files = (
			);
			runOnlyForDeploymentPostprocessing = 0;
		};
/* End PBXResourcesBuildPhase section */

/* Begin PBXSourcesBuildPhase section */
		E3F186F620036DD7006BA9ED /* Sources */ = {
			isa = PBXSourcesBuildPhase;
			buildActionMask = 2147483647;
			files = (
				E3F187A32005FC91006BA9ED /* NERole.swift in Sources */,
				E3F187AD200602F1006BA9ED /* NERoleAKe.swift in Sources */,
				E3F187AB200602A5006BA9ED /* NERoleLvBu.swift in Sources */,
				E3F1870020036DD7006BA9ED /* ViewController.swift in Sources */,
				E3F187A12005FABC006BA9ED /* SimpleFactoryClient.swift in Sources */,
				E3F187A72005FF7F006BA9ED /* NERoleGuanYu.swift in Sources */,
				E3F187A920060082006BA9ED /* NERoleXiaoQiao.swift in Sources */,
				E3F187A52005FEAE006BA9ED /* NERoleFactory.swift in Sources */,
				E3F186FE20036DD7006BA9ED /* AppDelegate.swift in Sources */,
			);
			runOnlyForDeploymentPostprocessing = 0;
		};
		E3F1870A20036DD8006BA9ED /* Sources */ = {
			isa = PBXSourcesBuildPhase;
			buildActionMask = 2147483647;
			files = (
				E3F1871320036DD8006BA9ED /* Design_Pattern_For_SwiftTests.swift in Sources */,
			);
			runOnlyForDeploymentPostprocessing = 0;
		};
		E3F1871520036DD8006BA9ED /* Sources */ = {
			isa = PBXSourcesBuildPhase;
			buildActionMask = 2147483647;
			files = (
				E3F1871E20036DD8006BA9ED /* Design_Pattern_For_SwiftUITests.swift in Sources */,
			);
			runOnlyForDeploymentPostprocessing = 0;
		};
/* End PBXSourcesBuildPhase section */

/* Begin PBXTargetDependency section */
		E3F1871020036DD8006BA9ED /* PBXTargetDependency */ = {
			isa = PBXTargetDependency;
			target = E3F186F920036DD7006BA9ED /* Design-Pattern-For-Swift */;
			targetProxy = E3F1870F20036DD8006BA9ED /* PBXContainerItemProxy */;
		};
		E3F1871B20036DD8006BA9ED /* PBXTargetDependency */ = {
			isa = PBXTargetDependency;
			target = E3F186F920036DD7006BA9ED /* Design-Pattern-For-Swift */;
			targetProxy = E3F1871A20036DD8006BA9ED /* PBXContainerItemProxy */;
		};
/* End PBXTargetDependency section */

/* Begin PBXVariantGroup section */
		E3F1870120036DD7006BA9ED /* Main.storyboard */ = {
			isa = PBXVariantGroup;
			children = (
				E3F1870220036DD7006BA9ED /* Base */,
			);
			name = Main.storyboard;
			sourceTree = "<group>";
		};
		E3F1870620036DD7006BA9ED /* LaunchScreen.storyboard */ = {
			isa = PBXVariantGroup;
			children = (
				E3F1870720036DD7006BA9ED /* Base */,
			);
			name = LaunchScreen.storyboard;
			sourceTree = "<group>";
		};
/* End PBXVariantGroup section */

/* Begin XCBuildConfiguration section */
		E3F1872020036DD8006BA9ED /* Debug */ = {
			isa = XCBuildConfiguration;
			buildSettings = {
				ALWAYS_SEARCH_USER_PATHS = NO;
				CLANG_ANALYZER_NONNULL = YES;
				CLANG_ANALYZER_NUMBER_OBJECT_CONVERSION = YES_AGGRESSIVE;
				CLANG_CXX_LANGUAGE_STANDARD = "gnu++0x";
				CLANG_CXX_LIBRARY = "libc++";
				CLANG_ENABLE_MODULES = YES;
				CLANG_ENABLE_OBJC_ARC = YES;
				CLANG_WARN_BOOL_CONVERSION = YES;
				CLANG_WARN_CONSTANT_CONVERSION = YES;
				CLANG_WARN_DIRECT_OBJC_ISA_USAGE = YES_ERROR;
				CLANG_WARN_DOCUMENTATION_COMMENTS = YES;
				CLANG_WARN_EMPTY_BODY = YES;
				CLANG_WARN_ENUM_CONVERSION = YES;
				CLANG_WARN_INFINITE_RECURSION = YES;
				CLANG_WARN_INT_CONVERSION = YES;
				CLANG_WARN_OBJC_ROOT_CLASS = YES_ERROR;
				CLANG_WARN_SUSPICIOUS_MOVE = YES;
				CLANG_WARN_UNREACHABLE_CODE = YES;
				CLANG_WARN__DUPLICATE_METHOD_MATCH = YES;
				"CODE_SIGN_IDENTITY[sdk=iphoneos*]" = "iPhone Developer";
				COPY_PHASE_STRIP = NO;
				DEBUG_INFORMATION_FORMAT = dwarf;
				ENABLE_STRICT_OBJC_MSGSEND = YES;
				ENABLE_TESTABILITY = YES;
				GCC_C_LANGUAGE_STANDARD = gnu99;
				GCC_DYNAMIC_NO_PIC = NO;
				GCC_NO_COMMON_BLOCKS = YES;
				GCC_OPTIMIZATION_LEVEL = 0;
				GCC_PREPROCESSOR_DEFINITIONS = (
					"DEBUG=1",
					"$(inherited)",
				);
				GCC_WARN_64_TO_32_BIT_CONVERSION = YES;
				GCC_WARN_ABOUT_RETURN_TYPE = YES_ERROR;
				GCC_WARN_UNDECLARED_SELECTOR = YES;
				GCC_WARN_UNINITIALIZED_AUTOS = YES_AGGRESSIVE;
				GCC_WARN_UNUSED_FUNCTION = YES;
				GCC_WARN_UNUSED_VARIABLE = YES;
				IPHONEOS_DEPLOYMENT_TARGET = 10.3;
				MTL_ENABLE_DEBUG_INFO = YES;
				ONLY_ACTIVE_ARCH = YES;
				SDKROOT = iphoneos;
				SWIFT_ACTIVE_COMPILATION_CONDITIONS = DEBUG;
				SWIFT_OPTIMIZATION_LEVEL = "-Onone";
			};
			name = Debug;
		};
		E3F1872120036DD8006BA9ED /* Release */ = {
			isa = XCBuildConfiguration;
			buildSettings = {
				ALWAYS_SEARCH_USER_PATHS = NO;
				CLANG_ANALYZER_NONNULL = YES;
				CLANG_ANALYZER_NUMBER_OBJECT_CONVERSION = YES_AGGRESSIVE;
				CLANG_CXX_LANGUAGE_STANDARD = "gnu++0x";
				CLANG_CXX_LIBRARY = "libc++";
				CLANG_ENABLE_MODULES = YES;
				CLANG_ENABLE_OBJC_ARC = YES;
				CLANG_WARN_BOOL_CONVERSION = YES;
				CLANG_WARN_CONSTANT_CONVERSION = YES;
				CLANG_WARN_DIRECT_OBJC_ISA_USAGE = YES_ERROR;
				CLANG_WARN_DOCUMENTATION_COMMENTS = YES;
				CLANG_WARN_EMPTY_BODY = YES;
				CLANG_WARN_ENUM_CONVERSION = YES;
				CLANG_WARN_INFINITE_RECURSION = YES;
				CLANG_WARN_INT_CONVERSION = YES;
				CLANG_WARN_OBJC_ROOT_CLASS = YES_ERROR;
				CLANG_WARN_SUSPICIOUS_MOVE = YES;
				CLANG_WARN_UNREACHABLE_CODE = YES;
				CLANG_WARN__DUPLICATE_METHOD_MATCH = YES;
				"CODE_SIGN_IDENTITY[sdk=iphoneos*]" = "iPhone Developer";
				COPY_PHASE_STRIP = NO;
				DEBUG_INFORMATION_FORMAT = "dwarf-with-dsym";
				ENABLE_NS_ASSERTIONS = NO;
				ENABLE_STRICT_OBJC_MSGSEND = YES;
				GCC_C_LANGUAGE_STANDARD = gnu99;
				GCC_NO_COMMON_BLOCKS = YES;
				GCC_WARN_64_TO_32_BIT_CONVERSION = YES;
				GCC_WARN_ABOUT_RETURN_TYPE = YES_ERROR;
				GCC_WARN_UNDECLARED_SELECTOR = YES;
				GCC_WARN_UNINITIALIZED_AUTOS = YES_AGGRESSIVE;
				GCC_WARN_UNUSED_FUNCTION = YES;
				GCC_WARN_UNUSED_VARIABLE = YES;
				IPHONEOS_DEPLOYMENT_TARGET = 10.3;
				MTL_ENABLE_DEBUG_INFO = NO;
				SDKROOT = iphoneos;
				SWIFT_OPTIMIZATION_LEVEL = "-Owholemodule";
				VALIDATE_PRODUCT = YES;
			};
			name = Release;
		};
		E3F1872320036DD8006BA9ED /* Debug */ = {
			isa = XCBuildConfiguration;
			buildSettings = {
				ASSETCATALOG_COMPILER_APPICON_NAME = AppIcon;
				INFOPLIST_FILE = "Design-Pattern-For-Swift/Info.plist";
				LD_RUNPATH_SEARCH_PATHS = "$(inherited) @executable_path/Frameworks";
				PRODUCT_BUNDLE_IDENTIFIER = "com.GT.nightelf.Design-Pattern-For-Swift";
				PRODUCT_NAME = "$(TARGET_NAME)";
				SWIFT_VERSION = 3.0;
			};
			name = Debug;
		};
		E3F1872420036DD8006BA9ED /* Release */ = {
			isa = XCBuildConfiguration;
			buildSettings = {
				ASSETCATALOG_COMPILER_APPICON_NAME = AppIcon;
				INFOPLIST_FILE = "Design-Pattern-For-Swift/Info.plist";
				LD_RUNPATH_SEARCH_PATHS = "$(inherited) @executable_path/Frameworks";
				PRODUCT_BUNDLE_IDENTIFIER = "com.GT.nightelf.Design-Pattern-For-Swift";
				PRODUCT_NAME = "$(TARGET_NAME)";
				SWIFT_VERSION = 3.0;
			};
			name = Release;
		};
		E3F1872620036DD8006BA9ED /* Debug */ = {
			isa = XCBuildConfiguration;
			buildSettings = {
				ALWAYS_EMBED_SWIFT_STANDARD_LIBRARIES = YES;
				BUNDLE_LOADER = "$(TEST_HOST)";
				INFOPLIST_FILE = "Design-Pattern-For-SwiftTests/Info.plist";
				LD_RUNPATH_SEARCH_PATHS = "$(inherited) @executable_path/Frameworks @loader_path/Frameworks";
				PRODUCT_BUNDLE_IDENTIFIER = "com.GT.nightelf.Design-Pattern-For-SwiftTests";
				PRODUCT_NAME = "$(TARGET_NAME)";
				SWIFT_VERSION = 3.0;
				TEST_HOST = "$(BUILT_PRODUCTS_DIR)/Design-Pattern-For-Swift.app/Design-Pattern-For-Swift";
			};
			name = Debug;
		};
		E3F1872720036DD8006BA9ED /* Release */ = {
			isa = XCBuildConfiguration;
			buildSettings = {
				ALWAYS_EMBED_SWIFT_STANDARD_LIBRARIES = YES;
				BUNDLE_LOADER = "$(TEST_HOST)";
				INFOPLIST_FILE = "Design-Pattern-For-SwiftTests/Info.plist";
				LD_RUNPATH_SEARCH_PATHS = "$(inherited) @executable_path/Frameworks @loader_path/Frameworks";
				PRODUCT_BUNDLE_IDENTIFIER = "com.GT.nightelf.Design-Pattern-For-SwiftTests";
				PRODUCT_NAME = "$(TARGET_NAME)";
				SWIFT_VERSION = 3.0;
				TEST_HOST = "$(BUILT_PRODUCTS_DIR)/Design-Pattern-For-Swift.app/Design-Pattern-For-Swift";
			};
			name = Release;
		};
		E3F1872920036DD8006BA9ED /* Debug */ = {
			isa = XCBuildConfiguration;
			buildSettings = {
				ALWAYS_EMBED_SWIFT_STANDARD_LIBRARIES = YES;
				INFOPLIST_FILE = "Design-Pattern-For-SwiftUITests/Info.plist";
				LD_RUNPATH_SEARCH_PATHS = "$(inherited) @executable_path/Frameworks @loader_path/Frameworks";
				PRODUCT_BUNDLE_IDENTIFIER = "com.GT.nightelf.Design-Pattern-For-SwiftUITests";
				PRODUCT_NAME = "$(TARGET_NAME)";
				SWIFT_VERSION = 3.0;
				TEST_TARGET_NAME = "Design-Pattern-For-Swift";
			};
			name = Debug;
		};
		E3F1872A20036DD8006BA9ED /* Release */ = {
			isa = XCBuildConfiguration;
			buildSettings = {
				ALWAYS_EMBED_SWIFT_STANDARD_LIBRARIES = YES;
				INFOPLIST_FILE = "Design-Pattern-For-SwiftUITests/Info.plist";
				LD_RUNPATH_SEARCH_PATHS = "$(inherited) @executable_path/Frameworks @loader_path/Frameworks";
				PRODUCT_BUNDLE_IDENTIFIER = "com.GT.nightelf.Design-Pattern-For-SwiftUITests";
				PRODUCT_NAME = "$(TARGET_NAME)";
				SWIFT_VERSION = 3.0;
				TEST_TARGET_NAME = "Design-Pattern-For-Swift";
			};
			name = Release;
		};
/* End XCBuildConfiguration section */

/* Begin XCConfigurationList section */
		E3F186F520036DD7006BA9ED /* Build configuration list for PBXProject "Design-Pattern-For-Swift" */ = {
			isa = XCConfigurationList;
			buildConfigurations = (
				E3F1872020036DD8006BA9ED /* Debug */,
				E3F1872120036DD8006BA9ED /* Release */,
			);
			defaultConfigurationIsVisible = 0;
			defaultConfigurationName = Release;
		};
		E3F1872220036DD8006BA9ED /* Build configuration list for PBXNativeTarget "Design-Pattern-For-Swift" */ = {
			isa = XCConfigurationList;
			buildConfigurations = (
				E3F1872320036DD8006BA9ED /* Debug */,
				E3F1872420036DD8006BA9ED /* Release */,
			);
			defaultConfigurationIsVisible = 0;
			defaultConfigurationName = Release;
		};
		E3F1872520036DD8006BA9ED /* Build configuration list for PBXNativeTarget "Design-Pattern-For-SwiftTests" */ = {
			isa = XCConfigurationList;
			buildConfigurations = (
				E3F1872620036DD8006BA9ED /* Debug */,
				E3F1872720036DD8006BA9ED /* Release */,
			);
			defaultConfigurationIsVisible = 0;
			defaultConfigurationName = Release;
		};
		E3F1872820036DD8006BA9ED /* Build configuration list for PBXNativeTarget "Design-Pattern-For-SwiftUITests" */ = {
			isa = XCConfigurationList;
			buildConfigurations = (
				E3F1872920036DD8006BA9ED /* Debug */,
				E3F1872A20036DD8006BA9ED /* Release */,
			);
			defaultConfigurationIsVisible = 0;
			defaultConfigurationName = Release;
		};
/* End XCConfigurationList section */
	};
	rootObject = E3F186F220036DD7006BA9ED /* Project object */;
}
