// !$*UTF8*$!
{
	archiveVersion = 1;
	classes = {
	};
	objectVersion = 46;
	objects = {

/* Begin PBXBuildFile section */
		E397CF7E200C62E60080B25D /* BuilderClient.swift in Sources */ = {isa = PBXBuildFile; fileRef = E397CF7D200C62E60080B25D /* BuilderClient.swift */; };
		E397CF80200C71D80080B25D /* 建造者模式.png in Resources */ = {isa = PBXBuildFile; fileRef = E397CF7F200C71D80080B25D /* 建造者模式.png */; };
		E397CF87200C73390080B25D /* NESummonerDirector.swift in Sources */ = {isa = PBXBuildFile; fileRef = E397CF86200C73390080B25D /* NESummonerDirector.swift */; };
		E397CF89200C736A0080B25D /* NERoleBuilder.swift in Sources */ = {isa = PBXBuildFile; fileRef = E397CF88200C736A0080B25D /* NERoleBuilder.swift */; };
		E397CF8B200C77540080B25D /* NEGuanYu.swift in Sources */ = {isa = PBXBuildFile; fileRef = E397CF8A200C77540080B25D /* NEGuanYu.swift */; };
		E397CF8D200C77780080B25D /* NEAKe.swift in Sources */ = {isa = PBXBuildFile; fileRef = E397CF8C200C77780080B25D /* NEAKe.swift */; };
		E3CE111920060D7C006E3A73 /* 工厂方法模式.png in Resources */ = {isa = PBXBuildFile; fileRef = E3CE111820060D7C006E3A73 /* 工厂方法模式.png */; };
		E3CE111B20060DE5006E3A73 /* FactoryMethodClient.swift in Sources */ = {isa = PBXBuildFile; fileRef = E3CE111A20060DE5006E3A73 /* FactoryMethodClient.swift */; };
		E3CE112220070011006E3A73 /* NERole_FM.swift in Sources */ = {isa = PBXBuildFile; fileRef = E3CE111D20070011006E3A73 /* NERole_FM.swift */; };
		E3CE112320070011006E3A73 /* NERoleAKe_FM.swift in Sources */ = {isa = PBXBuildFile; fileRef = E3CE111E20070011006E3A73 /* NERoleAKe_FM.swift */; };
		E3CE112420070011006E3A73 /* NERoleGuanYu_FM.swift in Sources */ = {isa = PBXBuildFile; fileRef = E3CE111F20070011006E3A73 /* NERoleGuanYu_FM.swift */; };
		E3CE112520070011006E3A73 /* NERoleLvBu_FM.swift in Sources */ = {isa = PBXBuildFile; fileRef = E3CE112020070011006E3A73 /* NERoleLvBu_FM.swift */; };
		E3CE112620070011006E3A73 /* NERoleXiaoQiao_FM.swift in Sources */ = {isa = PBXBuildFile; fileRef = E3CE112120070011006E3A73 /* NERoleXiaoQiao_FM.swift */; };
		E3CE11282007007B006E3A73 /* NERoleFactory_FM.swift in Sources */ = {isa = PBXBuildFile; fileRef = E3CE11272007007B006E3A73 /* NERoleFactory_FM.swift */; };
		E3CE112A20070308006E3A73 /* NERoleAKeFactory_FM.swift in Sources */ = {isa = PBXBuildFile; fileRef = E3CE112920070308006E3A73 /* NERoleAKeFactory_FM.swift */; };
		E3CE112C20070409006E3A73 /* NERoleGuanYuFactory_FM.swift in Sources */ = {isa = PBXBuildFile; fileRef = E3CE112B20070409006E3A73 /* NERoleGuanYuFactory_FM.swift */; };
		E3CE112E20070771006E3A73 /* NERoleXiaoQiaoFactory_FM.swift in Sources */ = {isa = PBXBuildFile; fileRef = E3CE112D20070771006E3A73 /* NERoleXiaoQiaoFactory_FM.swift */; };
		E3CE1130200707DC006E3A73 /* NERoleLvBuFactory_FM.swift in Sources */ = {isa = PBXBuildFile; fileRef = E3CE112F200707DC006E3A73 /* NERoleLvBuFactory_FM.swift */; };
		E3CE113220070AA2006E3A73 /* AbstractFactoryClient.swift in Sources */ = {isa = PBXBuildFile; fileRef = E3CE113120070AA2006E3A73 /* AbstractFactoryClient.swift */; };
		E3CE113420070AF5006E3A73 /* 抽象工厂模式.png in Resources */ = {isa = PBXBuildFile; fileRef = E3CE113320070AF5006E3A73 /* 抽象工厂模式.png */; };
		E3CE114920070D8A006E3A73 /* NEAbstractFactory.swift in Sources */ = {isa = PBXBuildFile; fileRef = E3CE114820070D8A006E3A73 /* NEAbstractFactory.swift */; };
		E3CE114F20070E20006E3A73 /* NERole_AF.swift in Sources */ = {isa = PBXBuildFile; fileRef = E3CE114A20070E20006E3A73 /* NERole_AF.swift */; };
		E3CE116020071829006E3A73 /* NEOperationRole.swift in Sources */ = {isa = PBXBuildFile; fileRef = E3CE115F20071829006E3A73 /* NEOperationRole.swift */; };
		E3CE116220071E46006E3A73 /* NEPCOperationRole.swift in Sources */ = {isa = PBXBuildFile; fileRef = E3CE116120071E46006E3A73 /* NEPCOperationRole.swift */; };
		E3CE116420072040006E3A73 /* NEMobileOperationRole.swift in Sources */ = {isa = PBXBuildFile; fileRef = E3CE116320072040006E3A73 /* NEMobileOperationRole.swift */; };
		E3CE116620072131006E3A73 /* NEMobileFactory.swift in Sources */ = {isa = PBXBuildFile; fileRef = E3CE116520072131006E3A73 /* NEMobileFactory.swift */; };
		E3CE11682007215C006E3A73 /* NEPCFactory.swift in Sources */ = {isa = PBXBuildFile; fileRef = E3CE11672007215C006E3A73 /* NEPCFactory.swift */; };
		E3CE116A2007225B006E3A73 /* NEXiaoBin_AF.swift in Sources */ = {isa = PBXBuildFile; fileRef = E3CE11692007225B006E3A73 /* NEXiaoBin_AF.swift */; };
		E3CE116C200739CD006E3A73 /* NETower_AF.swift in Sources */ = {isa = PBXBuildFile; fileRef = E3CE116B200739CD006E3A73 /* NETower_AF.swift */; };
		E3CE116E20073AEA006E3A73 /* NEOperationXiaoBin.swift in Sources */ = {isa = PBXBuildFile; fileRef = E3CE116D20073AEA006E3A73 /* NEOperationXiaoBin.swift */; };
		E3CE117020073BB5006E3A73 /* NEPCOperationXiaoBin.swift in Sources */ = {isa = PBXBuildFile; fileRef = E3CE116F20073BB5006E3A73 /* NEPCOperationXiaoBin.swift */; };
		E3CE117220073C82006E3A73 /* NEMobileOperationXiaoBin.swift in Sources */ = {isa = PBXBuildFile; fileRef = E3CE117120073C82006E3A73 /* NEMobileOperationXiaoBin.swift */; };
		E3CE117420073D32006E3A73 /* NEOperationTower.swift in Sources */ = {isa = PBXBuildFile; fileRef = E3CE117320073D32006E3A73 /* NEOperationTower.swift */; };
		E3CE117620073DB4006E3A73 /* NEPCOperationTower.swift in Sources */ = {isa = PBXBuildFile; fileRef = E3CE117520073DB4006E3A73 /* NEPCOperationTower.swift */; };
		E3CE117820073DCD006E3A73 /* NEMobileOperationTower.swift in Sources */ = {isa = PBXBuildFile; fileRef = E3CE117720073DCD006E3A73 /* NEMobileOperationTower.swift */; };
		E3CE117A2007520D006E3A73 /* 策略模式.png in Resources */ = {isa = PBXBuildFile; fileRef = E3CE11792007520D006E3A73 /* 策略模式.png */; };
		E3CE117C20075228006E3A73 /* StrategyClient.swift in Sources */ = {isa = PBXBuildFile; fileRef = E3CE117B20075228006E3A73 /* StrategyClient.swift */; };
		E3CE118220075385006E3A73 /* GoldContext.swift in Sources */ = {isa = PBXBuildFile; fileRef = E3CE118120075385006E3A73 /* GoldContext.swift */; };
		E3CE1184200753D4006E3A73 /* GoldStrategy.swift in Sources */ = {isa = PBXBuildFile; fileRef = E3CE1183200753D4006E3A73 /* GoldStrategy.swift */; };
		E3CE11862007542F006E3A73 /* GoldStrategyNormal.swift in Sources */ = {isa = PBXBuildFile; fileRef = E3CE11852007542F006E3A73 /* GoldStrategyNormal.swift */; };
		E3CE118820075465006E3A73 /* GoldStrategyRobate.swift in Sources */ = {isa = PBXBuildFile; fileRef = E3CE118720075465006E3A73 /* GoldStrategyRobate.swift */; };
		E3CE118A20075499006E3A73 /* GoldStrategyReturn.swift in Sources */ = {isa = PBXBuildFile; fileRef = E3CE118920075499006E3A73 /* GoldStrategyReturn.swift */; };
		E3CE118C20075982006E3A73 /* 代理模式.png in Resources */ = {isa = PBXBuildFile; fileRef = E3CE118B20075982006E3A73 /* 代理模式.png */; };
		E3CE118E20075A04006E3A73 /* ProxyClient.swift in Sources */ = {isa = PBXBuildFile; fileRef = E3CE118D20075A04006E3A73 /* ProxyClient.swift */; };
		E3CE119720075ADD006E3A73 /* NEAttackEnemy.swift in Sources */ = {isa = PBXBuildFile; fileRef = E3CE119620075ADD006E3A73 /* NEAttackEnemy.swift */; };
		E3CE119E20075E8C006E3A73 /* NEGame.swift in Sources */ = {isa = PBXBuildFile; fileRef = E3CE119D20075E8C006E3A73 /* NEGame.swift */; };
		E3CE11A020075EAE006E3A73 /* NEXiaoBin.swift in Sources */ = {isa = PBXBuildFile; fileRef = E3CE119F20075EAE006E3A73 /* NEXiaoBin.swift */; };
		E3CE11A220075FAC006E3A73 /* NEHeroProxy.swift in Sources */ = {isa = PBXBuildFile; fileRef = E3CE11A120075FAC006E3A73 /* NEHeroProxy.swift */; };
		E3CE11A6200864A5006E3A73 /* DecoratorClient.swift in Sources */ = {isa = PBXBuildFile; fileRef = E3CE11A5200864A5006E3A73 /* DecoratorClient.swift */; };
		E3CE11AB2008681B006E3A73 /* 装饰模式.jpg in Resources */ = {isa = PBXBuildFile; fileRef = E3CE11A72008681B006E3A73 /* 装饰模式.jpg */; };
		E3CE11AE20086BDB006E3A73 /* NEHeroComponent.swift in Sources */ = {isa = PBXBuildFile; fileRef = E3CE11AD20086BDB006E3A73 /* NEHeroComponent.swift */; };
		E3CE11B020086D27006E3A73 /* NEAKeHeroComponent.swift in Sources */ = {isa = PBXBuildFile; fileRef = E3CE11AF20086D27006E3A73 /* NEAKeHeroComponent.swift */; };
		E3CE11B220086DE8006E3A73 /* NEDecorator.swift in Sources */ = {isa = PBXBuildFile; fileRef = E3CE11B120086DE8006E3A73 /* NEDecorator.swift */; };
		E3CE11B420086F84006E3A73 /* NEDaggerDecorator.swift in Sources */ = {isa = PBXBuildFile; fileRef = E3CE11B320086F84006E3A73 /* NEDaggerDecorator.swift */; };
		E3CE11B62008701E006E3A73 /* NETightsDecorator.swift in Sources */ = {isa = PBXBuildFile; fileRef = E3CE11B52008701E006E3A73 /* NETightsDecorator.swift */; };
		E3CE11B82008707A006E3A73 /* NEShortsDecorator.swift in Sources */ = {isa = PBXBuildFile; fileRef = E3CE11B72008707A006E3A73 /* NEShortsDecorator.swift */; };
		E3CE11BA200C540B006E3A73 /* TemplateMethodClient.swift in Sources */ = {isa = PBXBuildFile; fileRef = E3CE11B9200C540B006E3A73 /* TemplateMethodClient.swift */; };
		E3CE11BC200C5452006E3A73 /* 模板方法模式.png in Resources */ = {isa = PBXBuildFile; fileRef = E3CE11BB200C5452006E3A73 /* 模板方法模式.png */; };
		E3CE11C1200C5583006E3A73 /* NEMingWen.swift in Sources */ = {isa = PBXBuildFile; fileRef = E3CE11C0200C5583006E3A73 /* NEMingWen.swift */; };
		E3CE11C3200C578D006E3A73 /* NEDistributionMingWenA.swift in Sources */ = {isa = PBXBuildFile; fileRef = E3CE11C2200C578D006E3A73 /* NEDistributionMingWenA.swift */; };
		E3CE11C5200C57D0006E3A73 /* NEDistributionMingWenB.swift in Sources */ = {isa = PBXBuildFile; fileRef = E3CE11C4200C57D0006E3A73 /* NEDistributionMingWenB.swift */; };
		E3CE11C7200C5C0B006E3A73 /* FacadeClient.swift in Sources */ = {isa = PBXBuildFile; fileRef = E3CE11C6200C5C0B006E3A73 /* FacadeClient.swift */; };
		E3CE11C9200C5C13006E3A73 /* 外观模式.png in Resources */ = {isa = PBXBuildFile; fileRef = E3CE11C8200C5C13006E3A73 /* 外观模式.png */; };
		E3CE11D0200C5EC3006E3A73 /* NEGameFacade.swift in Sources */ = {isa = PBXBuildFile; fileRef = E3CE11CF200C5EC3006E3A73 /* NEGameFacade.swift */; };
		E3CE11D2200C5EEC006E3A73 /* NERoleLayer.swift in Sources */ = {isa = PBXBuildFile; fileRef = E3CE11D1200C5EEC006E3A73 /* NERoleLayer.swift */; };
		E3CE11D4200C5EFB006E3A73 /* NEMapLayer.swift in Sources */ = {isa = PBXBuildFile; fileRef = E3CE11D3200C5EFB006E3A73 /* NEMapLayer.swift */; };
		E3CE11D6200C5F21006E3A73 /* NEOperationLayer.swift in Sources */ = {isa = PBXBuildFile; fileRef = E3CE11D5200C5F21006E3A73 /* NEOperationLayer.swift */; };
		E3F186FE20036DD7006BA9ED /* AppDelegate.swift in Sources */ = {isa = PBXBuildFile; fileRef = E3F186FD20036DD7006BA9ED /* AppDelegate.swift */; };
		E3F1870020036DD7006BA9ED /* ViewController.swift in Sources */ = {isa = PBXBuildFile; fileRef = E3F186FF20036DD7006BA9ED /* ViewController.swift */; };
		E3F1870320036DD7006BA9ED /* Main.storyboard in Resources */ = {isa = PBXBuildFile; fileRef = E3F1870120036DD7006BA9ED /* Main.storyboard */; };
		E3F1870520036DD7006BA9ED /* Assets.xcassets in Resources */ = {isa = PBXBuildFile; fileRef = E3F1870420036DD7006BA9ED /* Assets.xcassets */; };
		E3F1870820036DD7006BA9ED /* LaunchScreen.storyboard in Resources */ = {isa = PBXBuildFile; fileRef = E3F1870620036DD7006BA9ED /* LaunchScreen.storyboard */; };
		E3F1871320036DD8006BA9ED /* Design_Pattern_For_SwiftTests.swift in Sources */ = {isa = PBXBuildFile; fileRef = E3F1871220036DD8006BA9ED /* Design_Pattern_For_SwiftTests.swift */; };
		E3F1871E20036DD8006BA9ED /* Design_Pattern_For_SwiftUITests.swift in Sources */ = {isa = PBXBuildFile; fileRef = E3F1871D20036DD8006BA9ED /* Design_Pattern_For_SwiftUITests.swift */; };
		E3F1879D2005F690006BA9ED /* 简单工厂模式.png in Resources */ = {isa = PBXBuildFile; fileRef = E3F1879C2005F690006BA9ED /* 简单工厂模式.png */; };
		E3F187A12005FABC006BA9ED /* SimpleFactoryClient.swift in Sources */ = {isa = PBXBuildFile; fileRef = E3F187A02005FABC006BA9ED /* SimpleFactoryClient.swift */; };
		E3F187A32005FC91006BA9ED /* NERole.swift in Sources */ = {isa = PBXBuildFile; fileRef = E3F187A22005FC91006BA9ED /* NERole.swift */; };
		E3F187A52005FEAE006BA9ED /* NERoleFactory.swift in Sources */ = {isa = PBXBuildFile; fileRef = E3F187A42005FEAE006BA9ED /* NERoleFactory.swift */; };
		E3F187A72005FF7F006BA9ED /* NERoleGuanYu.swift in Sources */ = {isa = PBXBuildFile; fileRef = E3F187A62005FF7F006BA9ED /* NERoleGuanYu.swift */; };
		E3F187A920060082006BA9ED /* NERoleXiaoQiao.swift in Sources */ = {isa = PBXBuildFile; fileRef = E3F187A820060082006BA9ED /* NERoleXiaoQiao.swift */; };
		E3F187AB200602A5006BA9ED /* NERoleLvBu.swift in Sources */ = {isa = PBXBuildFile; fileRef = E3F187AA200602A5006BA9ED /* NERoleLvBu.swift */; };
		E3F187AD200602F1006BA9ED /* NERoleAKe.swift in Sources */ = {isa = PBXBuildFile; fileRef = E3F187AC200602F1006BA9ED /* NERoleAKe.swift */; };
/* End PBXBuildFile section */

/* Begin PBXContainerItemProxy section */
		E3F1870F20036DD8006BA9ED /* PBXContainerItemProxy */ = {
			isa = PBXContainerItemProxy;
			containerPortal = E3F186F220036DD7006BA9ED /* Project object */;
			proxyType = 1;
			remoteGlobalIDString = E3F186F920036DD7006BA9ED;
			remoteInfo = "Design-Pattern-For-Swift";
		};
		E3F1871A20036DD8006BA9ED /* PBXContainerItemProxy */ = {
			isa = PBXContainerItemProxy;
			containerPortal = E3F186F220036DD7006BA9ED /* Project object */;
			proxyType = 1;
			remoteGlobalIDString = E3F186F920036DD7006BA9ED;
			remoteInfo = "Design-Pattern-For-Swift";
		};
/* End PBXContainerItemProxy section */

/* Begin PBXFileReference section */
		E397CF7D200C62E60080B25D /* BuilderClient.swift */ = {isa = PBXFileReference; fileEncoding = 4; lastKnownFileType = sourcecode.swift; path = BuilderClient.swift; sourceTree = "<group>"; };
		E397CF7F200C71D80080B25D /* 建造者模式.png */ = {isa = PBXFileReference; lastKnownFileType = image.png; path = "建造者模式.png"; sourceTree = "<group>"; };
		E397CF86200C73390080B25D /* NESummonerDirector.swift */ = {isa = PBXFileReference; fileEncoding = 4; lastKnownFileType = sourcecode.swift; path = NESummonerDirector.swift; sourceTree = "<group>"; };
		E397CF88200C736A0080B25D /* NERoleBuilder.swift */ = {isa = PBXFileReference; fileEncoding = 4; lastKnownFileType = sourcecode.swift; path = NERoleBuilder.swift; sourceTree = "<group>"; };
		E397CF8A200C77540080B25D /* NEGuanYu.swift */ = {isa = PBXFileReference; fileEncoding = 4; lastKnownFileType = sourcecode.swift; path = NEGuanYu.swift; sourceTree = "<group>"; };
		E397CF8C200C77780080B25D /* NEAKe.swift */ = {isa = PBXFileReference; fileEncoding = 4; lastKnownFileType = sourcecode.swift; path = NEAKe.swift; sourceTree = "<group>"; };
		E3CE111820060D7C006E3A73 /* 工厂方法模式.png */ = {isa = PBXFileReference; lastKnownFileType = image.png; path = "工厂方法模式.png"; sourceTree = "<group>"; };
		E3CE111A20060DE5006E3A73 /* FactoryMethodClient.swift */ = {isa = PBXFileReference; fileEncoding = 4; lastKnownFileType = sourcecode.swift; path = FactoryMethodClient.swift; sourceTree = "<group>"; };
		E3CE111D20070011006E3A73 /* NERole_FM.swift */ = {isa = PBXFileReference; fileEncoding = 4; lastKnownFileType = sourcecode.swift; path = NERole_FM.swift; sourceTree = "<group>"; };
		E3CE111E20070011006E3A73 /* NERoleAKe_FM.swift */ = {isa = PBXFileReference; fileEncoding = 4; lastKnownFileType = sourcecode.swift; path = NERoleAKe_FM.swift; sourceTree = "<group>"; };
		E3CE111F20070011006E3A73 /* NERoleGuanYu_FM.swift */ = {isa = PBXFileReference; fileEncoding = 4; lastKnownFileType = sourcecode.swift; path = NERoleGuanYu_FM.swift; sourceTree = "<group>"; };
		E3CE112020070011006E3A73 /* NERoleLvBu_FM.swift */ = {isa = PBXFileReference; fileEncoding = 4; lastKnownFileType = sourcecode.swift; path = NERoleLvBu_FM.swift; sourceTree = "<group>"; };
		E3CE112120070011006E3A73 /* NERoleXiaoQiao_FM.swift */ = {isa = PBXFileReference; fileEncoding = 4; lastKnownFileType = sourcecode.swift; path = NERoleXiaoQiao_FM.swift; sourceTree = "<group>"; };
		E3CE11272007007B006E3A73 /* NERoleFactory_FM.swift */ = {isa = PBXFileReference; fileEncoding = 4; lastKnownFileType = sourcecode.swift; path = NERoleFactory_FM.swift; sourceTree = "<group>"; };
		E3CE112920070308006E3A73 /* NERoleAKeFactory_FM.swift */ = {isa = PBXFileReference; fileEncoding = 4; lastKnownFileType = sourcecode.swift; path = NERoleAKeFactory_FM.swift; sourceTree = "<group>"; };
		E3CE112B20070409006E3A73 /* NERoleGuanYuFactory_FM.swift */ = {isa = PBXFileReference; fileEncoding = 4; lastKnownFileType = sourcecode.swift; path = NERoleGuanYuFactory_FM.swift; sourceTree = "<group>"; };
		E3CE112D20070771006E3A73 /* NERoleXiaoQiaoFactory_FM.swift */ = {isa = PBXFileReference; fileEncoding = 4; lastKnownFileType = sourcecode.swift; path = NERoleXiaoQiaoFactory_FM.swift; sourceTree = "<group>"; };
		E3CE112F200707DC006E3A73 /* NERoleLvBuFactory_FM.swift */ = {isa = PBXFileReference; fileEncoding = 4; lastKnownFileType = sourcecode.swift; path = NERoleLvBuFactory_FM.swift; sourceTree = "<group>"; };
		E3CE113120070AA2006E3A73 /* AbstractFactoryClient.swift */ = {isa = PBXFileReference; fileEncoding = 4; lastKnownFileType = sourcecode.swift; path = AbstractFactoryClient.swift; sourceTree = "<group>"; };
		E3CE113320070AF5006E3A73 /* 抽象工厂模式.png */ = {isa = PBXFileReference; lastKnownFileType = image.png; path = "抽象工厂模式.png"; sourceTree = "<group>"; };
		E3CE114820070D8A006E3A73 /* NEAbstractFactory.swift */ = {isa = PBXFileReference; fileEncoding = 4; lastKnownFileType = sourcecode.swift; path = NEAbstractFactory.swift; sourceTree = "<group>"; };
		E3CE114A20070E20006E3A73 /* NERole_AF.swift */ = {isa = PBXFileReference; fileEncoding = 4; lastKnownFileType = sourcecode.swift; path = NERole_AF.swift; sourceTree = "<group>"; };
		E3CE115F20071829006E3A73 /* NEOperationRole.swift */ = {isa = PBXFileReference; fileEncoding = 4; lastKnownFileType = sourcecode.swift; path = NEOperationRole.swift; sourceTree = "<group>"; };
		E3CE116120071E46006E3A73 /* NEPCOperationRole.swift */ = {isa = PBXFileReference; fileEncoding = 4; lastKnownFileType = sourcecode.swift; name = NEPCOperationRole.swift; path = "../手机上对角色操作/NEPCOperationRole.swift"; sourceTree = "<group>"; };
		E3CE116320072040006E3A73 /* NEMobileOperationRole.swift */ = {isa = PBXFileReference; fileEncoding = 4; lastKnownFileType = sourcecode.swift; path = NEMobileOperationRole.swift; sourceTree = "<group>"; };
		E3CE116520072131006E3A73 /* NEMobileFactory.swift */ = {isa = PBXFileReference; fileEncoding = 4; lastKnownFileType = sourcecode.swift; path = NEMobileFactory.swift; sourceTree = "<group>"; };
		E3CE11672007215C006E3A73 /* NEPCFactory.swift */ = {isa = PBXFileReference; fileEncoding = 4; lastKnownFileType = sourcecode.swift; path = NEPCFactory.swift; sourceTree = "<group>"; };
		E3CE11692007225B006E3A73 /* NEXiaoBin_AF.swift */ = {isa = PBXFileReference; fileEncoding = 4; lastKnownFileType = sourcecode.swift; path = NEXiaoBin_AF.swift; sourceTree = "<group>"; };
		E3CE116B200739CD006E3A73 /* NETower_AF.swift */ = {isa = PBXFileReference; fileEncoding = 4; lastKnownFileType = sourcecode.swift; path = NETower_AF.swift; sourceTree = "<group>"; };
		E3CE116D20073AEA006E3A73 /* NEOperationXiaoBin.swift */ = {isa = PBXFileReference; fileEncoding = 4; lastKnownFileType = sourcecode.swift; path = NEOperationXiaoBin.swift; sourceTree = "<group>"; };
		E3CE116F20073BB5006E3A73 /* NEPCOperationXiaoBin.swift */ = {isa = PBXFileReference; fileEncoding = 4; lastKnownFileType = sourcecode.swift; path = NEPCOperationXiaoBin.swift; sourceTree = "<group>"; };
		E3CE117120073C82006E3A73 /* NEMobileOperationXiaoBin.swift */ = {isa = PBXFileReference; fileEncoding = 4; lastKnownFileType = sourcecode.swift; path = NEMobileOperationXiaoBin.swift; sourceTree = "<group>"; };
		E3CE117320073D32006E3A73 /* NEOperationTower.swift */ = {isa = PBXFileReference; fileEncoding = 4; lastKnownFileType = sourcecode.swift; path = NEOperationTower.swift; sourceTree = "<group>"; };
		E3CE117520073DB4006E3A73 /* NEPCOperationTower.swift */ = {isa = PBXFileReference; fileEncoding = 4; lastKnownFileType = sourcecode.swift; path = NEPCOperationTower.swift; sourceTree = "<group>"; };
		E3CE117720073DCD006E3A73 /* NEMobileOperationTower.swift */ = {isa = PBXFileReference; fileEncoding = 4; lastKnownFileType = sourcecode.swift; path = NEMobileOperationTower.swift; sourceTree = "<group>"; };
		E3CE11792007520D006E3A73 /* 策略模式.png */ = {isa = PBXFileReference; lastKnownFileType = image.png; path = "策略模式.png"; sourceTree = "<group>"; };
		E3CE117B20075228006E3A73 /* StrategyClient.swift */ = {isa = PBXFileReference; fileEncoding = 4; lastKnownFileType = sourcecode.swift; path = StrategyClient.swift; sourceTree = "<group>"; };
		E3CE118120075385006E3A73 /* GoldContext.swift */ = {isa = PBXFileReference; fileEncoding = 4; lastKnownFileType = sourcecode.swift; path = GoldContext.swift; sourceTree = "<group>"; };
		E3CE1183200753D4006E3A73 /* GoldStrategy.swift */ = {isa = PBXFileReference; fileEncoding = 4; lastKnownFileType = sourcecode.swift; path = GoldStrategy.swift; sourceTree = "<group>"; };
		E3CE11852007542F006E3A73 /* GoldStrategyNormal.swift */ = {isa = PBXFileReference; fileEncoding = 4; lastKnownFileType = sourcecode.swift; path = GoldStrategyNormal.swift; sourceTree = "<group>"; };
		E3CE118720075465006E3A73 /* GoldStrategyRobate.swift */ = {isa = PBXFileReference; fileEncoding = 4; lastKnownFileType = sourcecode.swift; path = GoldStrategyRobate.swift; sourceTree = "<group>"; };
		E3CE118920075499006E3A73 /* GoldStrategyReturn.swift */ = {isa = PBXFileReference; fileEncoding = 4; lastKnownFileType = sourcecode.swift; path = GoldStrategyReturn.swift; sourceTree = "<group>"; };
		E3CE118B20075982006E3A73 /* 代理模式.png */ = {isa = PBXFileReference; lastKnownFileType = image.png; path = "代理模式.png"; sourceTree = "<group>"; };
		E3CE118D20075A04006E3A73 /* ProxyClient.swift */ = {isa = PBXFileReference; fileEncoding = 4; lastKnownFileType = sourcecode.swift; path = ProxyClient.swift; sourceTree = "<group>"; };
		E3CE119620075ADD006E3A73 /* NEAttackEnemy.swift */ = {isa = PBXFileReference; fileEncoding = 4; lastKnownFileType = sourcecode.swift; path = NEAttackEnemy.swift; sourceTree = "<group>"; };
		E3CE119D20075E8C006E3A73 /* NEGame.swift */ = {isa = PBXFileReference; fileEncoding = 4; lastKnownFileType = sourcecode.swift; path = NEGame.swift; sourceTree = "<group>"; };
		E3CE119F20075EAE006E3A73 /* NEXiaoBin.swift */ = {isa = PBXFileReference; fileEncoding = 4; lastKnownFileType = sourcecode.swift; path = NEXiaoBin.swift; sourceTree = "<group>"; };
		E3CE11A120075FAC006E3A73 /* NEHeroProxy.swift */ = {isa = PBXFileReference; fileEncoding = 4; lastKnownFileType = sourcecode.swift; path = NEHeroProxy.swift; sourceTree = "<group>"; };
		E3CE11A5200864A5006E3A73 /* DecoratorClient.swift */ = {isa = PBXFileReference; fileEncoding = 4; lastKnownFileType = sourcecode.swift; path = DecoratorClient.swift; sourceTree = "<group>"; };
		E3CE11A72008681B006E3A73 /* 装饰模式.jpg */ = {isa = PBXFileReference; lastKnownFileType = image.jpeg; name = "装饰模式.jpg"; path = "Design-Pattern-For-Swift/6.装饰模式/装饰模式.jpg"; sourceTree = SOURCE_ROOT; };
		E3CE11AD20086BDB006E3A73 /* NEHeroComponent.swift */ = {isa = PBXFileReference; fileEncoding = 4; lastKnownFileType = sourcecode.swift; path = NEHeroComponent.swift; sourceTree = "<group>"; };
		E3CE11AF20086D27006E3A73 /* NEAKeHeroComponent.swift */ = {isa = PBXFileReference; fileEncoding = 4; lastKnownFileType = sourcecode.swift; path = NEAKeHeroComponent.swift; sourceTree = "<group>"; };
		E3CE11B120086DE8006E3A73 /* NEDecorator.swift */ = {isa = PBXFileReference; fileEncoding = 4; lastKnownFileType = sourcecode.swift; path = NEDecorator.swift; sourceTree = "<group>"; };
		E3CE11B320086F84006E3A73 /* NEDaggerDecorator.swift */ = {isa = PBXFileReference; fileEncoding = 4; lastKnownFileType = sourcecode.swift; path = NEDaggerDecorator.swift; sourceTree = "<group>"; };
		E3CE11B52008701E006E3A73 /* NETightsDecorator.swift */ = {isa = PBXFileReference; fileEncoding = 4; lastKnownFileType = sourcecode.swift; path = NETightsDecorator.swift; sourceTree = "<group>"; };
		E3CE11B72008707A006E3A73 /* NEShortsDecorator.swift */ = {isa = PBXFileReference; fileEncoding = 4; lastKnownFileType = sourcecode.swift; path = NEShortsDecorator.swift; sourceTree = "<group>"; };
		E3CE11B9200C540B006E3A73 /* TemplateMethodClient.swift */ = {isa = PBXFileReference; fileEncoding = 4; lastKnownFileType = sourcecode.swift; path = TemplateMethodClient.swift; sourceTree = "<group>"; };
		E3CE11BB200C5452006E3A73 /* 模板方法模式.png */ = {isa = PBXFileReference; lastKnownFileType = image.png; path = "模板方法模式.png"; sourceTree = "<group>"; };
		E3CE11C0200C5583006E3A73 /* NEMingWen.swift */ = {isa = PBXFileReference; fileEncoding = 4; lastKnownFileType = sourcecode.swift; path = NEMingWen.swift; sourceTree = "<group>"; };
		E3CE11C2200C578D006E3A73 /* NEDistributionMingWenA.swift */ = {isa = PBXFileReference; fileEncoding = 4; lastKnownFileType = sourcecode.swift; path = NEDistributionMingWenA.swift; sourceTree = "<group>"; };
		E3CE11C4200C57D0006E3A73 /* NEDistributionMingWenB.swift */ = {isa = PBXFileReference; fileEncoding = 4; lastKnownFileType = sourcecode.swift; path = NEDistributionMingWenB.swift; sourceTree = "<group>"; };
		E3CE11C6200C5C0B006E3A73 /* FacadeClient.swift */ = {isa = PBXFileReference; fileEncoding = 4; lastKnownFileType = sourcecode.swift; path = FacadeClient.swift; sourceTree = "<group>"; };
		E3CE11C8200C5C13006E3A73 /* 外观模式.png */ = {isa = PBXFileReference; lastKnownFileType = image.png; path = "外观模式.png"; sourceTree = "<group>"; };
		E3CE11CF200C5EC3006E3A73 /* NEGameFacade.swift */ = {isa = PBXFileReference; fileEncoding = 4; lastKnownFileType = sourcecode.swift; path = NEGameFacade.swift; sourceTree = "<group>"; };
		E3CE11D1200C5EEC006E3A73 /* NERoleLayer.swift */ = {isa = PBXFileReference; fileEncoding = 4; lastKnownFileType = sourcecode.swift; path = NERoleLayer.swift; sourceTree = "<group>"; };
		E3CE11D3200C5EFB006E3A73 /* NEMapLayer.swift */ = {isa = PBXFileReference; fileEncoding = 4; lastKnownFileType = sourcecode.swift; path = NEMapLayer.swift; sourceTree = "<group>"; };
		E3CE11D5200C5F21006E3A73 /* NEOperationLayer.swift */ = {isa = PBXFileReference; fileEncoding = 4; lastKnownFileType = sourcecode.swift; path = NEOperationLayer.swift; sourceTree = "<group>"; };
		E3F186FA20036DD7006BA9ED /* Design-Pattern-For-Swift.app */ = {isa = PBXFileReference; explicitFileType = wrapper.application; includeInIndex = 0; path = "Design-Pattern-For-Swift.app"; sourceTree = BUILT_PRODUCTS_DIR; };
		E3F186FD20036DD7006BA9ED /* AppDelegate.swift */ = {isa = PBXFileReference; lastKnownFileType = sourcecode.swift; path = AppDelegate.swift; sourceTree = "<group>"; };
		E3F186FF20036DD7006BA9ED /* ViewController.swift */ = {isa = PBXFileReference; lastKnownFileType = sourcecode.swift; path = ViewController.swift; sourceTree = "<group>"; };
		E3F1870220036DD7006BA9ED /* Base */ = {isa = PBXFileReference; lastKnownFileType = file.storyboard; name = Base; path = Base.lproj/Main.storyboard; sourceTree = "<group>"; };
		E3F1870420036DD7006BA9ED /* Assets.xcassets */ = {isa = PBXFileReference; lastKnownFileType = folder.assetcatalog; path = Assets.xcassets; sourceTree = "<group>"; };
		E3F1870720036DD7006BA9ED /* Base */ = {isa = PBXFileReference; lastKnownFileType = file.storyboard; name = Base; path = Base.lproj/LaunchScreen.storyboard; sourceTree = "<group>"; };
		E3F1870920036DD7006BA9ED /* Info.plist */ = {isa = PBXFileReference; lastKnownFileType = text.plist.xml; path = Info.plist; sourceTree = "<group>"; };
		E3F1870E20036DD8006BA9ED /* Design-Pattern-For-SwiftTests.xctest */ = {isa = PBXFileReference; explicitFileType = wrapper.cfbundle; includeInIndex = 0; path = "Design-Pattern-For-SwiftTests.xctest"; sourceTree = BUILT_PRODUCTS_DIR; };
		E3F1871220036DD8006BA9ED /* Design_Pattern_For_SwiftTests.swift */ = {isa = PBXFileReference; lastKnownFileType = sourcecode.swift; path = Design_Pattern_For_SwiftTests.swift; sourceTree = "<group>"; };
		E3F1871420036DD8006BA9ED /* Info.plist */ = {isa = PBXFileReference; lastKnownFileType = text.plist.xml; path = Info.plist; sourceTree = "<group>"; };
		E3F1871920036DD8006BA9ED /* Design-Pattern-For-SwiftUITests.xctest */ = {isa = PBXFileReference; explicitFileType = wrapper.cfbundle; includeInIndex = 0; path = "Design-Pattern-For-SwiftUITests.xctest"; sourceTree = BUILT_PRODUCTS_DIR; };
		E3F1871D20036DD8006BA9ED /* Design_Pattern_For_SwiftUITests.swift */ = {isa = PBXFileReference; lastKnownFileType = sourcecode.swift; path = Design_Pattern_For_SwiftUITests.swift; sourceTree = "<group>"; };
		E3F1871F20036DD8006BA9ED /* Info.plist */ = {isa = PBXFileReference; lastKnownFileType = text.plist.xml; path = Info.plist; sourceTree = "<group>"; };
		E3F1879C2005F690006BA9ED /* 简单工厂模式.png */ = {isa = PBXFileReference; lastKnownFileType = image.png; path = "简单工厂模式.png"; sourceTree = "<group>"; };
		E3F187A02005FABC006BA9ED /* SimpleFactoryClient.swift */ = {isa = PBXFileReference; fileEncoding = 4; lastKnownFileType = sourcecode.swift; path = SimpleFactoryClient.swift; sourceTree = "<group>"; };
		E3F187A22005FC91006BA9ED /* NERole.swift */ = {isa = PBXFileReference; fileEncoding = 4; lastKnownFileType = sourcecode.swift; path = NERole.swift; sourceTree = "<group>"; };
		E3F187A42005FEAE006BA9ED /* NERoleFactory.swift */ = {isa = PBXFileReference; fileEncoding = 4; lastKnownFileType = sourcecode.swift; path = NERoleFactory.swift; sourceTree = "<group>"; };
		E3F187A62005FF7F006BA9ED /* NERoleGuanYu.swift */ = {isa = PBXFileReference; fileEncoding = 4; lastKnownFileType = sourcecode.swift; path = NERoleGuanYu.swift; sourceTree = "<group>"; };
		E3F187A820060082006BA9ED /* NERoleXiaoQiao.swift */ = {isa = PBXFileReference; fileEncoding = 4; lastKnownFileType = sourcecode.swift; path = NERoleXiaoQiao.swift; sourceTree = "<group>"; };
		E3F187AA200602A5006BA9ED /* NERoleLvBu.swift */ = {isa = PBXFileReference; fileEncoding = 4; lastKnownFileType = sourcecode.swift; path = NERoleLvBu.swift; sourceTree = "<group>"; };
		E3F187AC200602F1006BA9ED /* NERoleAKe.swift */ = {isa = PBXFileReference; fileEncoding = 4; lastKnownFileType = sourcecode.swift; path = NERoleAKe.swift; sourceTree = "<group>"; };
/* End PBXFileReference section */

/* Begin PBXFrameworksBuildPhase section */
		E3F186F720036DD7006BA9ED /* Frameworks */ = {
			isa = PBXFrameworksBuildPhase;
			buildActionMask = 2147483647;
			files = (
			);
			runOnlyForDeploymentPostprocessing = 0;
		};
		E3F1870B20036DD8006BA9ED /* Frameworks */ = {
			isa = PBXFrameworksBuildPhase;
			buildActionMask = 2147483647;
			files = (
			);
			runOnlyForDeploymentPostprocessing = 0;
		};
		E3F1871620036DD8006BA9ED /* Frameworks */ = {
			isa = PBXFrameworksBuildPhase;
			buildActionMask = 2147483647;
			files = (
			);
			runOnlyForDeploymentPostprocessing = 0;
		};
/* End PBXFrameworksBuildPhase section */

/* Begin PBXGroup section */
		E397CF81200C72D90080B25D /* 建造者 */ = {
			isa = PBXGroup;
			children = (
				E397CF82200C72D90080B25D /* 人物(抽象) */,
				E397CF83200C72D90080B25D /* 关羽的身材(具体人物) */,
				E397CF85200C72D90080B25D /* 阿珂的身材(具体人物) */,
				E397CF84200C72D90080B25D /* 召唤师(指挥者) */,
			);
			path = "建造者";
			sourceTree = "<group>";
		};
		E397CF82200C72D90080B25D /* 人物(抽象) */ = {
			isa = PBXGroup;
			children = (
				E397CF88200C736A0080B25D /* NERoleBuilder.swift */,
			);
			path = "人物(抽象)";
			sourceTree = "<group>";
		};
		E397CF83200C72D90080B25D /* 关羽的身材(具体人物) */ = {
			isa = PBXGroup;
			children = (
				E397CF8A200C77540080B25D /* NEGuanYu.swift */,
			);
			path = "关羽的身材(具体人物)";
			sourceTree = "<group>";
		};
		E397CF84200C72D90080B25D /* 召唤师(指挥者) */ = {
			isa = PBXGroup;
			children = (
				E397CF86200C73390080B25D /* NESummonerDirector.swift */,
			);
			path = "召唤师(指挥者)";
			sourceTree = "<group>";
		};
		E397CF85200C72D90080B25D /* 阿珂的身材(具体人物) */ = {
			isa = PBXGroup;
			children = (
				E397CF8C200C77780080B25D /* NEAKe.swift */,
			);
			path = "阿珂的身材(具体人物)";
			sourceTree = "<group>";
		};
		E3CE111720060D7C006E3A73 /* 工厂 */ = {
			isa = PBXGroup;
			children = (
				E3CE11272007007B006E3A73 /* NERoleFactory_FM.swift */,
				E3CE112920070308006E3A73 /* NERoleAKeFactory_FM.swift */,
				E3CE112B20070409006E3A73 /* NERoleGuanYuFactory_FM.swift */,
				E3CE112F200707DC006E3A73 /* NERoleLvBuFactory_FM.swift */,
				E3CE112D20070771006E3A73 /* NERoleXiaoQiaoFactory_FM.swift */,
			);
			path = "工厂";
			sourceTree = "<group>";
		};
		E3CE111C2006FFAC006E3A73 /* 商品 */ = {
			isa = PBXGroup;
			children = (
				E3CE111D20070011006E3A73 /* NERole_FM.swift */,
				E3CE111E20070011006E3A73 /* NERoleAKe_FM.swift */,
				E3CE111F20070011006E3A73 /* NERoleGuanYu_FM.swift */,
				E3CE112020070011006E3A73 /* NERoleLvBu_FM.swift */,
				E3CE112120070011006E3A73 /* NERoleXiaoQiao_FM.swift */,
			);
			path = "商品";
			sourceTree = "<group>";
		};
		E3CE113F20070D46006E3A73 /* 操作商品 */ = {
			isa = PBXGroup;
			children = (
				E3CE115620071729006E3A73 /* 操作角色 */,
				E3CE115920071729006E3A73 /* 操作塔 */,
				E3CE115A20071729006E3A73 /* 操作小兵 */,
			);
			path = "操作商品";
			sourceTree = "<group>";
		};
		E3CE114020070D46006E3A73 /* 工厂 */ = {
			isa = PBXGroup;
			children = (
				E3CE11542007166A006E3A73 /* 手机工厂 */,
				E3CE11552007166A006E3A73 /* 电脑工厂 */,
				E3CE114820070D8A006E3A73 /* NEAbstractFactory.swift */,
			);
			path = "工厂";
			sourceTree = "<group>";
		};
		E3CE114420070D46006E3A73 /* 商品 */ = {
			isa = PBXGroup;
			children = (
				E3CE114520070D46006E3A73 /* 塔商品 */,
				E3CE114620070D46006E3A73 /* 小兵商品 */,
				E3CE114720070D46006E3A73 /* 角色商品 */,
			);
			path = "商品";
			sourceTree = "<group>";
		};
		E3CE114520070D46006E3A73 /* 塔商品 */ = {
			isa = PBXGroup;
			children = (
				E3CE116B200739CD006E3A73 /* NETower_AF.swift */,
			);
			path = "塔商品";
			sourceTree = "<group>";
		};
		E3CE114620070D46006E3A73 /* 小兵商品 */ = {
			isa = PBXGroup;
			children = (
				E3CE11692007225B006E3A73 /* NEXiaoBin_AF.swift */,
			);
			path = "小兵商品";
			sourceTree = "<group>";
		};
		E3CE114720070D46006E3A73 /* 角色商品 */ = {
			isa = PBXGroup;
			children = (
				E3CE114A20070E20006E3A73 /* NERole_AF.swift */,
			);
			path = "角色商品";
			sourceTree = "<group>";
		};
		E3CE11542007166A006E3A73 /* 手机工厂 */ = {
			isa = PBXGroup;
			children = (
				E3CE116520072131006E3A73 /* NEMobileFactory.swift */,
			);
			path = "手机工厂";
			sourceTree = "<group>";
		};
		E3CE11552007166A006E3A73 /* 电脑工厂 */ = {
			isa = PBXGroup;
			children = (
				E3CE11672007215C006E3A73 /* NEPCFactory.swift */,
			);
			path = "电脑工厂";
			sourceTree = "<group>";
		};
		E3CE115620071729006E3A73 /* 操作角色 */ = {
			isa = PBXGroup;
			children = (
				E3CE115720071729006E3A73 /* 手机上对角色操作 */,
				E3CE115820071729006E3A73 /* 电脑上对角色操作 */,
				E3CE115F20071829006E3A73 /* NEOperationRole.swift */,
			);
			path = "操作角色";
			sourceTree = "<group>";
		};
		E3CE115720071729006E3A73 /* 手机上对角色操作 */ = {
			isa = PBXGroup;
			children = (
				E3CE116320072040006E3A73 /* NEMobileOperationRole.swift */,
			);
			path = "手机上对角色操作";
			sourceTree = "<group>";
		};
		E3CE115820071729006E3A73 /* 电脑上对角色操作 */ = {
			isa = PBXGroup;
			children = (
				E3CE116120071E46006E3A73 /* NEPCOperationRole.swift */,
			);
			path = "电脑上对角色操作";
			sourceTree = "<group>";
		};
		E3CE115920071729006E3A73 /* 操作塔 */ = {
			isa = PBXGroup;
			children = (
				E3CE115B2007176C006E3A73 /* 电脑对塔的操作 */,
				E3CE115C2007176C006E3A73 /* 手机对塔的操作 */,
				E3CE117320073D32006E3A73 /* NEOperationTower.swift */,
			);
			path = "操作塔";
			sourceTree = "<group>";
		};
		E3CE115A20071729006E3A73 /* 操作小兵 */ = {
			isa = PBXGroup;
			children = (
				E3CE115D20071775006E3A73 /* 电脑对小兵的操作 */,
				E3CE115E20071775006E3A73 /* 手机对小兵的操作 */,
				E3CE116D20073AEA006E3A73 /* NEOperationXiaoBin.swift */,
			);
			path = "操作小兵";
			sourceTree = "<group>";
		};
		E3CE115B2007176C006E3A73 /* 电脑对塔的操作 */ = {
			isa = PBXGroup;
			children = (
				E3CE117520073DB4006E3A73 /* NEPCOperationTower.swift */,
			);
			path = "电脑对塔的操作";
			sourceTree = "<group>";
		};
		E3CE115C2007176C006E3A73 /* 手机对塔的操作 */ = {
			isa = PBXGroup;
			children = (
				E3CE117720073DCD006E3A73 /* NEMobileOperationTower.swift */,
			);
			path = "手机对塔的操作";
			sourceTree = "<group>";
		};
		E3CE115D20071775006E3A73 /* 电脑对小兵的操作 */ = {
			isa = PBXGroup;
			children = (
				E3CE116F20073BB5006E3A73 /* NEPCOperationXiaoBin.swift */,
			);
			path = "电脑对小兵的操作";
			sourceTree = "<group>";
		};
		E3CE115E20071775006E3A73 /* 手机对小兵的操作 */ = {
			isa = PBXGroup;
			children = (
				E3CE117120073C82006E3A73 /* NEMobileOperationXiaoBin.swift */,
			);
			path = "手机对小兵的操作";
			sourceTree = "<group>";
		};
		E3CE117D20075280006E3A73 /* 策略 */ = {
			isa = PBXGroup;
			children = (
				E3CE117E20075280006E3A73 /* 18888降到13888 */,
				E3CE117F20075280006E3A73 /* 打九折价格 */,
				E3CE118020075280006E3A73 /* 正常价格 */,
				E3CE118120075385006E3A73 /* GoldContext.swift */,
				E3CE1183200753D4006E3A73 /* GoldStrategy.swift */,
			);
			path = "策略";
			sourceTree = "<group>";
		};
		E3CE117E20075280006E3A73 /* 18888降到13888 */ = {
			isa = PBXGroup;
			children = (
				E3CE118920075499006E3A73 /* GoldStrategyReturn.swift */,
			);
			path = "18888降到13888";
			sourceTree = "<group>";
		};
		E3CE117F20075280006E3A73 /* 打九折价格 */ = {
			isa = PBXGroup;
			children = (
				E3CE118720075465006E3A73 /* GoldStrategyRobate.swift */,
			);
			path = "打九折价格";
			sourceTree = "<group>";
		};
		E3CE118020075280006E3A73 /* 正常价格 */ = {
			isa = PBXGroup;
			children = (
				E3CE11852007542F006E3A73 /* GoldStrategyNormal.swift */,
			);
			path = "正常价格";
			sourceTree = "<group>";
		};
		E3CE119320075A82006E3A73 /* 代理 */ = {
			isa = PBXGroup;
			children = (
				E3CE119A20075E8C006E3A73 /* 小兵(被代理人) */,
				E3CE119B20075E8C006E3A73 /* 英雄(代理人) */,
				E3CE119C20075E8C006E3A73 /* 游戏(代理场景) */,
				E3CE119620075ADD006E3A73 /* NEAttackEnemy.swift */,
			);
			path = "代理";
			sourceTree = "<group>";
		};
		E3CE119A20075E8C006E3A73 /* 小兵(被代理人) */ = {
			isa = PBXGroup;
			children = (
				E3CE119F20075EAE006E3A73 /* NEXiaoBin.swift */,
			);
			path = "小兵(被代理人)";
			sourceTree = "<group>";
		};
		E3CE119B20075E8C006E3A73 /* 英雄(代理人) */ = {
			isa = PBXGroup;
			children = (
				E3CE11A120075FAC006E3A73 /* NEHeroProxy.swift */,
			);
			path = "英雄(代理人)";
			sourceTree = "<group>";
		};
		E3CE119C20075E8C006E3A73 /* 游戏(代理场景) */ = {
			isa = PBXGroup;
			children = (
				E3CE119D20075E8C006E3A73 /* NEGame.swift */,
			);
			path = "游戏(代理场景)";
			sourceTree = "<group>";
		};
		E3CE11A82008681B006E3A73 /* 装饰 */ = {
			isa = PBXGroup;
			children = (
				E3CE11AC2008684D006E3A73 /* 装饰前的英雄 */,
				E3CE11AA2008681B006E3A73 /* 装饰配件 */,
			);
			path = "装饰";
			sourceTree = "<group>";
		};
		E3CE11AA2008681B006E3A73 /* 装饰配件 */ = {
			isa = PBXGroup;
			children = (
				E3CE11B120086DE8006E3A73 /* NEDecorator.swift */,
				E3CE11B320086F84006E3A73 /* NEDaggerDecorator.swift */,
				E3CE11B52008701E006E3A73 /* NETightsDecorator.swift */,
				E3CE11B72008707A006E3A73 /* NEShortsDecorator.swift */,
			);
			path = "装饰配件";
			sourceTree = "<group>";
		};
		E3CE11AC2008684D006E3A73 /* 装饰前的英雄 */ = {
			isa = PBXGroup;
			children = (
				E3CE11AD20086BDB006E3A73 /* NEHeroComponent.swift */,
				E3CE11AF20086D27006E3A73 /* NEAKeHeroComponent.swift */,
			);
			path = "装饰前的英雄";
			sourceTree = "<group>";
		};
		E3CE11BD200C550B006E3A73 /* 模板方法 */ = {
			isa = PBXGroup;
			children = (
				E3CE11BE200C550B006E3A73 /* 搭配方案 */,
				E3CE11BF200C550B006E3A73 /* 铭文模板 */,
			);
			path = "模板方法";
			sourceTree = "<group>";
		};
		E3CE11BE200C550B006E3A73 /* 搭配方案 */ = {
			isa = PBXGroup;
			children = (
				E3CE11C2200C578D006E3A73 /* NEDistributionMingWenA.swift */,
				E3CE11C4200C57D0006E3A73 /* NEDistributionMingWenB.swift */,
			);
			path = "搭配方案";
			sourceTree = "<group>";
		};
		E3CE11BF200C550B006E3A73 /* 铭文模板 */ = {
			isa = PBXGroup;
			children = (
				E3CE11C0200C5583006E3A73 /* NEMingWen.swift */,
			);
			path = "铭文模板";
			sourceTree = "<group>";
		};
		E3CE11CA200C5E9A006E3A73 /* 外观 */ = {
			isa = PBXGroup;
			children = (
				E3CE11CB200C5E9A006E3A73 /* 人物层 */,
				E3CE11CC200C5E9A006E3A73 /* 地图层 */,
				E3CE11CD200C5E9A006E3A73 /* 操作层 */,
				E3CE11CE200C5E9A006E3A73 /* 统一加载和结束 */,
			);
			path = "外观";
			sourceTree = "<group>";
		};
		E3CE11CB200C5E9A006E3A73 /* 人物层 */ = {
			isa = PBXGroup;
			children = (
				E3CE11D1200C5EEC006E3A73 /* NERoleLayer.swift */,
			);
			path = "人物层";
			sourceTree = "<group>";
		};
		E3CE11CC200C5E9A006E3A73 /* 地图层 */ = {
			isa = PBXGroup;
			children = (
				E3CE11D3200C5EFB006E3A73 /* NEMapLayer.swift */,
			);
			path = "地图层";
			sourceTree = "<group>";
		};
		E3CE11CD200C5E9A006E3A73 /* 操作层 */ = {
			isa = PBXGroup;
			children = (
				E3CE11D5200C5F21006E3A73 /* NEOperationLayer.swift */,
			);
			path = "操作层";
			sourceTree = "<group>";
		};
		E3CE11CE200C5E9A006E3A73 /* 统一加载和结束 */ = {
			isa = PBXGroup;
			children = (
				E3CE11CF200C5EC3006E3A73 /* NEGameFacade.swift */,
			);
			path = "统一加载和结束";
			sourceTree = "<group>";
		};
		E3F186F120036DD7006BA9ED = {
			isa = PBXGroup;
			children = (
				E3F186FC20036DD7006BA9ED /* Design-Pattern-For-Swift */,
				E3F1871120036DD8006BA9ED /* Design-Pattern-For-SwiftTests */,
				E3F1871C20036DD8006BA9ED /* Design-Pattern-For-SwiftUITests */,
				E3F186FB20036DD7006BA9ED /* Products */,
			);
			sourceTree = "<group>";
		};
		E3F186FB20036DD7006BA9ED /* Products */ = {
			isa = PBXGroup;
			children = (
				E3F186FA20036DD7006BA9ED /* Design-Pattern-For-Swift.app */,
				E3F1870E20036DD8006BA9ED /* Design-Pattern-For-SwiftTests.xctest */,
				E3F1871920036DD8006BA9ED /* Design-Pattern-For-SwiftUITests.xctest */,
			);
			name = Products;
			sourceTree = "<group>";
		};
		E3F186FC20036DD7006BA9ED /* Design-Pattern-For-Swift */ = {
			isa = PBXGroup;
			children = (
				E3F187832005F66B006BA9ED /* 1.简单工厂模式 */,
				E3F187842005F66B006BA9ED /* 2.工厂方法模式 */,
				E3F187852005F66B006BA9ED /* 3.抽象工厂模式 */,
				E3F187862005F66B006BA9ED /* 4.策略模式 */,
				E3F187872005F66B006BA9ED /* 5.代理模式 */,
				E3F187882005F66B006BA9ED /* 6.装饰模式 */,
				E3F187892005F66B006BA9ED /* 7.模板方法模式 */,
				E3F1878A2005F66B006BA9ED /* 8.外观模式 */,
				E3F1878B2005F66B006BA9ED /* 9.建造者模式 */,
				E3F1878C2005F66B006BA9ED /* 10.观察者模式 */,
				E3F1878D2005F66B006BA9ED /* 11.状态模式 */,
				E3F1878E2005F66B006BA9ED /* 12.适配者模式 */,
				E3F1878F2005F66B006BA9ED /* 13.备忘录模式 */,
				E3F187902005F66B006BA9ED /* 14.组合模式 */,
				E3F187912005F66B006BA9ED /* 15.迭代器模式 */,
				E3F187922005F66B006BA9ED /* 16.单例模式 */,
				E3F187932005F66B006BA9ED /* 17.桥接模式 */,
				E3F187942005F66B006BA9ED /* 18.命令模式 */,
				E3F187952005F66B006BA9ED /* 19.职责链模式 */,
				E3F187962005F66B006BA9ED /* 20.中介者模式 */,
				E3F187972005F66B006BA9ED /* 21.享元模式 */,
				E3F187982005F66B006BA9ED /* 22.解释器模式 */,
				E3F187992005F66B006BA9ED /* 23.访问者模式 */,
				E3F1879A2005F66B006BA9ED /* 24.原型模式 */,
				E3F186FD20036DD7006BA9ED /* AppDelegate.swift */,
				E3F186FF20036DD7006BA9ED /* ViewController.swift */,
				E3F1870120036DD7006BA9ED /* Main.storyboard */,
				E3F1870420036DD7006BA9ED /* Assets.xcassets */,
				E3F1870620036DD7006BA9ED /* LaunchScreen.storyboard */,
				E3F1870920036DD7006BA9ED /* Info.plist */,
			);
			path = "Design-Pattern-For-Swift";
			sourceTree = "<group>";
		};
		E3F1871120036DD8006BA9ED /* Design-Pattern-For-SwiftTests */ = {
			isa = PBXGroup;
			children = (
				E3F1871220036DD8006BA9ED /* Design_Pattern_For_SwiftTests.swift */,
				E3F1871420036DD8006BA9ED /* Info.plist */,
			);
			path = "Design-Pattern-For-SwiftTests";
			sourceTree = "<group>";
		};
		E3F1871C20036DD8006BA9ED /* Design-Pattern-For-SwiftUITests */ = {
			isa = PBXGroup;
			children = (
				E3F1871D20036DD8006BA9ED /* Design_Pattern_For_SwiftUITests.swift */,
				E3F1871F20036DD8006BA9ED /* Info.plist */,
			);
			path = "Design-Pattern-For-SwiftUITests";
			sourceTree = "<group>";
		};
		E3F187832005F66B006BA9ED /* 1.简单工厂模式 */ = {
			isa = PBXGroup;
			children = (
				E3F1879B2005F690006BA9ED /* 工厂 */,
				E3F1879C2005F690006BA9ED /* 简单工厂模式.png */,
				E3F187A02005FABC006BA9ED /* SimpleFactoryClient.swift */,
			);
			path = "1.简单工厂模式";
			sourceTree = "<group>";
		};
		E3F187842005F66B006BA9ED /* 2.工厂方法模式 */ = {
			isa = PBXGroup;
			children = (
				E3CE111C2006FFAC006E3A73 /* 商品 */,
				E3CE111720060D7C006E3A73 /* 工厂 */,
				E3CE111820060D7C006E3A73 /* 工厂方法模式.png */,
				E3CE111A20060DE5006E3A73 /* FactoryMethodClient.swift */,
			);
			path = "2.工厂方法模式";
			sourceTree = "<group>";
		};
		E3F187852005F66B006BA9ED /* 3.抽象工厂模式 */ = {
			isa = PBXGroup;
			children = (
				E3CE114020070D46006E3A73 /* 工厂 */,
				E3CE114420070D46006E3A73 /* 商品 */,
				E3CE113F20070D46006E3A73 /* 操作商品 */,
				E3CE113320070AF5006E3A73 /* 抽象工厂模式.png */,
				E3CE113120070AA2006E3A73 /* AbstractFactoryClient.swift */,
			);
			path = "3.抽象工厂模式";
			sourceTree = "<group>";
		};
		E3F187862005F66B006BA9ED /* 4.策略模式 */ = {
			isa = PBXGroup;
			children = (
				E3CE117D20075280006E3A73 /* 策略 */,
				E3CE11792007520D006E3A73 /* 策略模式.png */,
				E3CE117B20075228006E3A73 /* StrategyClient.swift */,
			);
			path = "4.策略模式";
			sourceTree = "<group>";
		};
		E3F187872005F66B006BA9ED /* 5.代理模式 */ = {
			isa = PBXGroup;
			children = (
				E3CE119320075A82006E3A73 /* 代理 */,
				E3CE118B20075982006E3A73 /* 代理模式.png */,
				E3CE118D20075A04006E3A73 /* ProxyClient.swift */,
			);
			path = "5.代理模式";
			sourceTree = "<group>";
		};
		E3F187882005F66B006BA9ED /* 6.装饰模式 */ = {
			isa = PBXGroup;
			children = (
				E3CE11A82008681B006E3A73 /* 装饰 */,
				E3CE11A72008681B006E3A73 /* 装饰模式.jpg */,
				E3CE11A5200864A5006E3A73 /* DecoratorClient.swift */,
			);
			path = "6.装饰模式";
			sourceTree = "<group>";
		};
		E3F187892005F66B006BA9ED /* 7.模板方法模式 */ = {
			isa = PBXGroup;
			children = (
				E3CE11BD200C550B006E3A73 /* 模板方法 */,
				E3CE11BB200C5452006E3A73 /* 模板方法模式.png */,
				E3CE11B9200C540B006E3A73 /* TemplateMethodClient.swift */,
			);
			path = "7.模板方法模式";
			sourceTree = "<group>";
		};
		E3F1878A2005F66B006BA9ED /* 8.外观模式 */ = {
			isa = PBXGroup;
			children = (
				E3CE11CA200C5E9A006E3A73 /* 外观 */,
				E3CE11C8200C5C13006E3A73 /* 外观模式.png */,
				E3CE11C6200C5C0B006E3A73 /* FacadeClient.swift */,
			);
			path = "8.外观模式";
			sourceTree = "<group>";
		};
		E3F1878B2005F66B006BA9ED /* 9.建造者模式 */ = {
			isa = PBXGroup;
			children = (
				E397CF81200C72D90080B25D /* 建造者 */,
				E397CF7F200C71D80080B25D /* 建造者模式.png */,
				E397CF7D200C62E60080B25D /* BuilderClient.swift */,
			);
			path = "9.建造者模式";
			sourceTree = "<group>";
		};
		E3F1878C2005F66B006BA9ED /* 10.观察者模式 */ = {
			isa = PBXGroup;
			children = (
			);
			path = "10.观察者模式";
			sourceTree = "<group>";
		};
		E3F1878D2005F66B006BA9ED /* 11.状态模式 */ = {
			isa = PBXGroup;
			children = (
			);
			path = "11.状态模式";
			sourceTree = "<group>";
		};
		E3F1878E2005F66B006BA9ED /* 12.适配者模式 */ = {
			isa = PBXGroup;
			children = (
			);
			path = "12.适配者模式";
			sourceTree = "<group>";
		};
		E3F1878F2005F66B006BA9ED /* 13.备忘录模式 */ = {
			isa = PBXGroup;
			children = (
			);
			path = "13.备忘录模式";
			sourceTree = "<group>";
		};
		E3F187902005F66B006BA9ED /* 14.组合模式 */ = {
			isa = PBXGroup;
			children = (
			);
			path = "14.组合模式";
			sourceTree = "<group>";
		};
		E3F187912005F66B006BA9ED /* 15.迭代器模式 */ = {
			isa = PBXGroup;
			children = (
			);
			path = "15.迭代器模式";
			sourceTree = "<group>";
		};
		E3F187922005F66B006BA9ED /* 16.单例模式 */ = {
			isa = PBXGroup;
			children = (
			);
			path = "16.单例模式";
			sourceTree = "<group>";
		};
		E3F187932005F66B006BA9ED /* 17.桥接模式 */ = {
			isa = PBXGroup;
			children = (
			);
			path = "17.桥接模式";
			sourceTree = "<group>";
		};
		E3F187942005F66B006BA9ED /* 18.命令模式 */ = {
			isa = PBXGroup;
			children = (
			);
			path = "18.命令模式";
			sourceTree = "<group>";
		};
		E3F187952005F66B006BA9ED /* 19.职责链模式 */ = {
			isa = PBXGroup;
			children = (
			);
			path = "19.职责链模式";
			sourceTree = "<group>";
		};
		E3F187962005F66B006BA9ED /* 20.中介者模式 */ = {
			isa = PBXGroup;
			children = (
			);
			path = "20.中介者模式";
			sourceTree = "<group>";
		};
		E3F187972005F66B006BA9ED /* 21.享元模式 */ = {
			isa = PBXGroup;
			children = (
			);
			path = "21.享元模式";
			sourceTree = "<group>";
		};
		E3F187982005F66B006BA9ED /* 22.解释器模式 */ = {
			isa = PBXGroup;
			children = (
			);
			path = "22.解释器模式";
			sourceTree = "<group>";
		};
		E3F187992005F66B006BA9ED /* 23.访问者模式 */ = {
			isa = PBXGroup;
			children = (
			);
			path = "23.访问者模式";
			sourceTree = "<group>";
		};
		E3F1879A2005F66B006BA9ED /* 24.原型模式 */ = {
			isa = PBXGroup;
			children = (
			);
			path = "24.原型模式";
			sourceTree = "<group>";
		};
		E3F1879B2005F690006BA9ED /* 工厂 */ = {
			isa = PBXGroup;
			children = (
				E3F187A22005FC91006BA9ED /* NERole.swift */,
				E3F187AC200602F1006BA9ED /* NERoleAKe.swift */,
				E3F187A62005FF7F006BA9ED /* NERoleGuanYu.swift */,
				E3F187A820060082006BA9ED /* NERoleXiaoQiao.swift */,
				E3F187AA200602A5006BA9ED /* NERoleLvBu.swift */,
				E3F187A42005FEAE006BA9ED /* NERoleFactory.swift */,
			);
			path = "工厂";
			sourceTree = "<group>";
		};
/* End PBXGroup section */

/* Begin PBXNativeTarget section */
		E3F186F920036DD7006BA9ED /* Design-Pattern-For-Swift */ = {
			isa = PBXNativeTarget;
			buildConfigurationList = E3F1872220036DD8006BA9ED /* Build configuration list for PBXNativeTarget "Design-Pattern-For-Swift" */;
			buildPhases = (
				E3F186F620036DD7006BA9ED /* Sources */,
				E3F186F720036DD7006BA9ED /* Frameworks */,
				E3F186F820036DD7006BA9ED /* Resources */,
			);
			buildRules = (
			);
			dependencies = (
			);
			name = "Design-Pattern-For-Swift";
			productName = "Design-Pattern-For-Swift";
			productReference = E3F186FA20036DD7006BA9ED /* Design-Pattern-For-Swift.app */;
			productType = "com.apple.product-type.application";
		};
		E3F1870D20036DD8006BA9ED /* Design-Pattern-For-SwiftTests */ = {
			isa = PBXNativeTarget;
			buildConfigurationList = E3F1872520036DD8006BA9ED /* Build configuration list for PBXNativeTarget "Design-Pattern-For-SwiftTests" */;
			buildPhases = (
				E3F1870A20036DD8006BA9ED /* Sources */,
				E3F1870B20036DD8006BA9ED /* Frameworks */,
				E3F1870C20036DD8006BA9ED /* Resources */,
			);
			buildRules = (
			);
			dependencies = (
				E3F1871020036DD8006BA9ED /* PBXTargetDependency */,
			);
			name = "Design-Pattern-For-SwiftTests";
			productName = "Design-Pattern-For-SwiftTests";
			productReference = E3F1870E20036DD8006BA9ED /* Design-Pattern-For-SwiftTests.xctest */;
			productType = "com.apple.product-type.bundle.unit-test";
		};
		E3F1871820036DD8006BA9ED /* Design-Pattern-For-SwiftUITests */ = {
			isa = PBXNativeTarget;
			buildConfigurationList = E3F1872820036DD8006BA9ED /* Build configuration list for PBXNativeTarget "Design-Pattern-For-SwiftUITests" */;
			buildPhases = (
				E3F1871520036DD8006BA9ED /* Sources */,
				E3F1871620036DD8006BA9ED /* Frameworks */,
				E3F1871720036DD8006BA9ED /* Resources */,
			);
			buildRules = (
			);
			dependencies = (
				E3F1871B20036DD8006BA9ED /* PBXTargetDependency */,
			);
			name = "Design-Pattern-For-SwiftUITests";
			productName = "Design-Pattern-For-SwiftUITests";
			productReference = E3F1871920036DD8006BA9ED /* Design-Pattern-For-SwiftUITests.xctest */;
			productType = "com.apple.product-type.bundle.ui-testing";
		};
/* End PBXNativeTarget section */

/* Begin PBXProject section */
		E3F186F220036DD7006BA9ED /* Project object */ = {
			isa = PBXProject;
			attributes = {
				LastSwiftUpdateCheck = 0830;
				LastUpgradeCheck = 0830;
				ORGANIZATIONNAME = "阮沧晖";
				TargetAttributes = {
					E3F186F920036DD7006BA9ED = {
						CreatedOnToolsVersion = 8.3.3;
						ProvisioningStyle = Automatic;
					};
					E3F1870D20036DD8006BA9ED = {
						CreatedOnToolsVersion = 8.3.3;
						ProvisioningStyle = Automatic;
						TestTargetID = E3F186F920036DD7006BA9ED;
					};
					E3F1871820036DD8006BA9ED = {
						CreatedOnToolsVersion = 8.3.3;
						ProvisioningStyle = Automatic;
						TestTargetID = E3F186F920036DD7006BA9ED;
					};
				};
			};
			buildConfigurationList = E3F186F520036DD7006BA9ED /* Build configuration list for PBXProject "Design-Pattern-For-Swift" */;
			compatibilityVersion = "Xcode 3.2";
			developmentRegion = English;
			hasScannedForEncodings = 0;
			knownRegions = (
				en,
				Base,
			);
			mainGroup = E3F186F120036DD7006BA9ED;
			productRefGroup = E3F186FB20036DD7006BA9ED /* Products */;
			projectDirPath = "";
			projectRoot = "";
			targets = (
				E3F186F920036DD7006BA9ED /* Design-Pattern-For-Swift */,
				E3F1870D20036DD8006BA9ED /* Design-Pattern-For-SwiftTests */,
				E3F1871820036DD8006BA9ED /* Design-Pattern-For-SwiftUITests */,
			);
		};
/* End PBXProject section */

/* Begin PBXResourcesBuildPhase section */
		E3F186F820036DD7006BA9ED /* Resources */ = {
			isa = PBXResourcesBuildPhase;
			buildActionMask = 2147483647;
			files = (
				E3CE111920060D7C006E3A73 /* 工厂方法模式.png in Resources */,
				E3CE11BC200C5452006E3A73 /* 模板方法模式.png in Resources */,
				E3F1870820036DD7006BA9ED /* LaunchScreen.storyboard in Resources */,
				E3CE117A2007520D006E3A73 /* 策略模式.png in Resources */,
				E3CE113420070AF5006E3A73 /* 抽象工厂模式.png in Resources */,
				E3CE118C20075982006E3A73 /* 代理模式.png in Resources */,
				E3F1879D2005F690006BA9ED /* 简单工厂模式.png in Resources */,
				E397CF80200C71D80080B25D /* 建造者模式.png in Resources */,
				E3CE11C9200C5C13006E3A73 /* 外观模式.png in Resources */,
				E3F1870520036DD7006BA9ED /* Assets.xcassets in Resources */,
				E3F1870320036DD7006BA9ED /* Main.storyboard in Resources */,
				E3CE11AB2008681B006E3A73 /* 装饰模式.jpg in Resources */,
			);
			runOnlyForDeploymentPostprocessing = 0;
		};
		E3F1870C20036DD8006BA9ED /* Resources */ = {
			isa = PBXResourcesBuildPhase;
			buildActionMask = 2147483647;
			files = (
			);
			runOnlyForDeploymentPostprocessing = 0;
		};
		E3F1871720036DD8006BA9ED /* Resources */ = {
			isa = PBXResourcesBuildPhase;
			buildActionMask = 2147483647;
			files = (
			);
			runOnlyForDeploymentPostprocessing = 0;
		};
/* End PBXResourcesBuildPhase section */

/* Begin PBXSourcesBuildPhase section */
		E3F186F620036DD7006BA9ED /* Sources */ = {
			isa = PBXSourcesBuildPhase;
			buildActionMask = 2147483647;
			files = (
				E3CE11282007007B006E3A73 /* NERoleFactory_FM.swift in Sources */,
				E3CE11D0200C5EC3006E3A73 /* NEGameFacade.swift in Sources */,
				E3CE1130200707DC006E3A73 /* NERoleLvBuFactory_FM.swift in Sources */,
				E3CE117220073C82006E3A73 /* NEMobileOperationXiaoBin.swift in Sources */,
				E3F187A32005FC91006BA9ED /* NERole.swift in Sources */,
				E3CE11A220075FAC006E3A73 /* NEHeroProxy.swift in Sources */,
				E3CE112E20070771006E3A73 /* NERoleXiaoQiaoFactory_FM.swift in Sources */,
				E3CE117020073BB5006E3A73 /* NEPCOperationXiaoBin.swift in Sources */,
				E3CE116420072040006E3A73 /* NEMobileOperationRole.swift in Sources */,
				E3CE116A2007225B006E3A73 /* NEXiaoBin_AF.swift in Sources */,
				E3F187AD200602F1006BA9ED /* NERoleAKe.swift in Sources */,
				E3CE11B020086D27006E3A73 /* NEAKeHeroComponent.swift in Sources */,
				E3CE11C7200C5C0B006E3A73 /* FacadeClient.swift in Sources */,
				E397CF8B200C77540080B25D /* NEGuanYu.swift in Sources */,
				E397CF8D200C77780080B25D /* NEAKe.swift in Sources */,
				E3CE118220075385006E3A73 /* GoldContext.swift in Sources */,
				E3CE119720075ADD006E3A73 /* NEAttackEnemy.swift in Sources */,
				E3CE1184200753D4006E3A73 /* GoldStrategy.swift in Sources */,
				E3F187AB200602A5006BA9ED /* NERoleLvBu.swift in Sources */,
				E3F1870020036DD7006BA9ED /* ViewController.swift in Sources */,
				E3CE11B220086DE8006E3A73 /* NEDecorator.swift in Sources */,
				E3CE118E20075A04006E3A73 /* ProxyClient.swift in Sources */,
				E397CF7E200C62E60080B25D /* BuilderClient.swift in Sources */,
				E3CE11A6200864A5006E3A73 /* DecoratorClient.swift in Sources */,
				E3CE113220070AA2006E3A73 /* AbstractFactoryClient.swift in Sources */,
				E3CE117C20075228006E3A73 /* StrategyClient.swift in Sources */,
				E3F187A12005FABC006BA9ED /* SimpleFactoryClient.swift in Sources */,
				E3CE11D2200C5EEC006E3A73 /* NERoleLayer.swift in Sources */,
				E3CE114920070D8A006E3A73 /* NEAbstractFactory.swift in Sources */,
				E3CE117420073D32006E3A73 /* NEOperationTower.swift in Sources */,
				E3CE116020071829006E3A73 /* NEOperationRole.swift in Sources */,
				E3CE11D4200C5EFB006E3A73 /* NEMapLayer.swift in Sources */,
				E3CE112320070011006E3A73 /* NERoleAKe_FM.swift in Sources */,
				E3CE112620070011006E3A73 /* NERoleXiaoQiao_FM.swift in Sources */,
				E397CF89200C736A0080B25D /* NERoleBuilder.swift in Sources */,
				E3CE11A020075EAE006E3A73 /* NEXiaoBin.swift in Sources */,
				E3CE118A20075499006E3A73 /* GoldStrategyReturn.swift in Sources */,
				E3CE114F20070E20006E3A73 /* NERole_AF.swift in Sources */,
				E3CE11B420086F84006E3A73 /* NEDaggerDecorator.swift in Sources */,
				E3CE118820075465006E3A73 /* GoldStrategyRobate.swift in Sources */,
				E3CE112220070011006E3A73 /* NERole_FM.swift in Sources */,
				E3CE11BA200C540B006E3A73 /* TemplateMethodClient.swift in Sources */,
				E3CE11C1200C5583006E3A73 /* NEMingWen.swift in Sources */,
				E3CE116220071E46006E3A73 /* NEPCOperationRole.swift in Sources */,
				E3CE117620073DB4006E3A73 /* NEPCOperationTower.swift in Sources */,
				E3CE112A20070308006E3A73 /* NERoleAKeFactory_FM.swift in Sources */,
				E3CE11682007215C006E3A73 /* NEPCFactory.swift in Sources */,
				E3CE11C3200C578D006E3A73 /* NEDistributionMingWenA.swift in Sources */,
				E3CE117820073DCD006E3A73 /* NEMobileOperationTower.swift in Sources */,
				E3F187A72005FF7F006BA9ED /* NERoleGuanYu.swift in Sources */,
				E3CE112C20070409006E3A73 /* NERoleGuanYuFactory_FM.swift in Sources */,
				E3CE11C5200C57D0006E3A73 /* NEDistributionMingWenB.swift in Sources */,
				E3CE11AE20086BDB006E3A73 /* NEHeroComponent.swift in Sources */,
				E3CE112420070011006E3A73 /* NERoleGuanYu_FM.swift in Sources */,
				E397CF87200C73390080B25D /* NESummonerDirector.swift in Sources */,
				E3CE111B20060DE5006E3A73 /* FactoryMethodClient.swift in Sources */,
				E3CE11B82008707A006E3A73 /* NEShortsDecorator.swift in Sources */,
				E3CE116E20073AEA006E3A73 /* NEOperationXiaoBin.swift in Sources */,
				E3CE116620072131006E3A73 /* NEMobileFactory.swift in Sources */,
				E3CE11862007542F006E3A73 /* GoldStrategyNormal.swift in Sources */,
				E3F187A920060082006BA9ED /* NERoleXiaoQiao.swift in Sources */,
				E3F187A52005FEAE006BA9ED /* NERoleFactory.swift in Sources */,
				E3CE119E20075E8C006E3A73 /* NEGame.swift in Sources */,
				E3CE112520070011006E3A73 /* NERoleLvBu_FM.swift in Sources */,
				E3CE11B62008701E006E3A73 /* NETightsDecorator.swift in Sources */,
				E3CE116C200739CD006E3A73 /* NETower_AF.swift in Sources */,
				E3CE11D6200C5F21006E3A73 /* NEOperationLayer.swift in Sources */,
				E3F186FE20036DD7006BA9ED /* AppDelegate.swift in Sources */,
			);
			runOnlyForDeploymentPostprocessing = 0;
		};
		E3F1870A20036DD8006BA9ED /* Sources */ = {
			isa = PBXSourcesBuildPhase;
			buildActionMask = 2147483647;
			files = (
				E3F1871320036DD8006BA9ED /* Design_Pattern_For_SwiftTests.swift in Sources */,
			);
			runOnlyForDeploymentPostprocessing = 0;
		};
		E3F1871520036DD8006BA9ED /* Sources */ = {
			isa = PBXSourcesBuildPhase;
			buildActionMask = 2147483647;
			files = (
				E3F1871E20036DD8006BA9ED /* Design_Pattern_For_SwiftUITests.swift in Sources */,
			);
			runOnlyForDeploymentPostprocessing = 0;
		};
/* End PBXSourcesBuildPhase section */

/* Begin PBXTargetDependency section */
		E3F1871020036DD8006BA9ED /* PBXTargetDependency */ = {
			isa = PBXTargetDependency;
			target = E3F186F920036DD7006BA9ED /* Design-Pattern-For-Swift */;
			targetProxy = E3F1870F20036DD8006BA9ED /* PBXContainerItemProxy */;
		};
		E3F1871B20036DD8006BA9ED /* PBXTargetDependency */ = {
			isa = PBXTargetDependency;
			target = E3F186F920036DD7006BA9ED /* Design-Pattern-For-Swift */;
			targetProxy = E3F1871A20036DD8006BA9ED /* PBXContainerItemProxy */;
		};
/* End PBXTargetDependency section */

/* Begin PBXVariantGroup section */
		E3F1870120036DD7006BA9ED /* Main.storyboard */ = {
			isa = PBXVariantGroup;
			children = (
				E3F1870220036DD7006BA9ED /* Base */,
			);
			name = Main.storyboard;
			sourceTree = "<group>";
		};
		E3F1870620036DD7006BA9ED /* LaunchScreen.storyboard */ = {
			isa = PBXVariantGroup;
			children = (
				E3F1870720036DD7006BA9ED /* Base */,
			);
			name = LaunchScreen.storyboard;
			sourceTree = "<group>";
		};
/* End PBXVariantGroup section */

/* Begin XCBuildConfiguration section */
		E3F1872020036DD8006BA9ED /* Debug */ = {
			isa = XCBuildConfiguration;
			buildSettings = {
				ALWAYS_SEARCH_USER_PATHS = NO;
				CLANG_ANALYZER_NONNULL = YES;
				CLANG_ANALYZER_NUMBER_OBJECT_CONVERSION = YES_AGGRESSIVE;
				CLANG_CXX_LANGUAGE_STANDARD = "gnu++0x";
				CLANG_CXX_LIBRARY = "libc++";
				CLANG_ENABLE_MODULES = YES;
				CLANG_ENABLE_OBJC_ARC = YES;
				CLANG_WARN_BOOL_CONVERSION = YES;
				CLANG_WARN_CONSTANT_CONVERSION = YES;
				CLANG_WARN_DIRECT_OBJC_ISA_USAGE = YES_ERROR;
				CLANG_WARN_DOCUMENTATION_COMMENTS = YES;
				CLANG_WARN_EMPTY_BODY = YES;
				CLANG_WARN_ENUM_CONVERSION = YES;
				CLANG_WARN_INFINITE_RECURSION = YES;
				CLANG_WARN_INT_CONVERSION = YES;
				CLANG_WARN_OBJC_ROOT_CLASS = YES_ERROR;
				CLANG_WARN_SUSPICIOUS_MOVE = YES;
				CLANG_WARN_UNREACHABLE_CODE = YES;
				CLANG_WARN__DUPLICATE_METHOD_MATCH = YES;
				"CODE_SIGN_IDENTITY[sdk=iphoneos*]" = "iPhone Developer";
				COPY_PHASE_STRIP = NO;
				DEBUG_INFORMATION_FORMAT = dwarf;
				ENABLE_STRICT_OBJC_MSGSEND = YES;
				ENABLE_TESTABILITY = YES;
				GCC_C_LANGUAGE_STANDARD = gnu99;
				GCC_DYNAMIC_NO_PIC = NO;
				GCC_NO_COMMON_BLOCKS = YES;
				GCC_OPTIMIZATION_LEVEL = 0;
				GCC_PREPROCESSOR_DEFINITIONS = (
					"DEBUG=1",
					"$(inherited)",
				);
				GCC_WARN_64_TO_32_BIT_CONVERSION = YES;
				GCC_WARN_ABOUT_RETURN_TYPE = YES_ERROR;
				GCC_WARN_UNDECLARED_SELECTOR = YES;
				GCC_WARN_UNINITIALIZED_AUTOS = YES_AGGRESSIVE;
				GCC_WARN_UNUSED_FUNCTION = YES;
				GCC_WARN_UNUSED_VARIABLE = YES;
				IPHONEOS_DEPLOYMENT_TARGET = 10.3;
				MTL_ENABLE_DEBUG_INFO = YES;
				ONLY_ACTIVE_ARCH = YES;
				SDKROOT = iphoneos;
				SWIFT_ACTIVE_COMPILATION_CONDITIONS = DEBUG;
				SWIFT_OPTIMIZATION_LEVEL = "-Onone";
			};
			name = Debug;
		};
		E3F1872120036DD8006BA9ED /* Release */ = {
			isa = XCBuildConfiguration;
			buildSettings = {
				ALWAYS_SEARCH_USER_PATHS = NO;
				CLANG_ANALYZER_NONNULL = YES;
				CLANG_ANALYZER_NUMBER_OBJECT_CONVERSION = YES_AGGRESSIVE;
				CLANG_CXX_LANGUAGE_STANDARD = "gnu++0x";
				CLANG_CXX_LIBRARY = "libc++";
				CLANG_ENABLE_MODULES = YES;
				CLANG_ENABLE_OBJC_ARC = YES;
				CLANG_WARN_BOOL_CONVERSION = YES;
				CLANG_WARN_CONSTANT_CONVERSION = YES;
				CLANG_WARN_DIRECT_OBJC_ISA_USAGE = YES_ERROR;
				CLANG_WARN_DOCUMENTATION_COMMENTS = YES;
				CLANG_WARN_EMPTY_BODY = YES;
				CLANG_WARN_ENUM_CONVERSION = YES;
				CLANG_WARN_INFINITE_RECURSION = YES;
				CLANG_WARN_INT_CONVERSION = YES;
				CLANG_WARN_OBJC_ROOT_CLASS = YES_ERROR;
				CLANG_WARN_SUSPICIOUS_MOVE = YES;
				CLANG_WARN_UNREACHABLE_CODE = YES;
				CLANG_WARN__DUPLICATE_METHOD_MATCH = YES;
				"CODE_SIGN_IDENTITY[sdk=iphoneos*]" = "iPhone Developer";
				COPY_PHASE_STRIP = NO;
				DEBUG_INFORMATION_FORMAT = "dwarf-with-dsym";
				ENABLE_NS_ASSERTIONS = NO;
				ENABLE_STRICT_OBJC_MSGSEND = YES;
				GCC_C_LANGUAGE_STANDARD = gnu99;
				GCC_NO_COMMON_BLOCKS = YES;
				GCC_WARN_64_TO_32_BIT_CONVERSION = YES;
				GCC_WARN_ABOUT_RETURN_TYPE = YES_ERROR;
				GCC_WARN_UNDECLARED_SELECTOR = YES;
				GCC_WARN_UNINITIALIZED_AUTOS = YES_AGGRESSIVE;
				GCC_WARN_UNUSED_FUNCTION = YES;
				GCC_WARN_UNUSED_VARIABLE = YES;
				IPHONEOS_DEPLOYMENT_TARGET = 10.3;
				MTL_ENABLE_DEBUG_INFO = NO;
				SDKROOT = iphoneos;
				SWIFT_OPTIMIZATION_LEVEL = "-Owholemodule";
				VALIDATE_PRODUCT = YES;
			};
			name = Release;
		};
		E3F1872320036DD8006BA9ED /* Debug */ = {
			isa = XCBuildConfiguration;
			buildSettings = {
				ASSETCATALOG_COMPILER_APPICON_NAME = AppIcon;
				INFOPLIST_FILE = "Design-Pattern-For-Swift/Info.plist";
				LD_RUNPATH_SEARCH_PATHS = "$(inherited) @executable_path/Frameworks";
				PRODUCT_BUNDLE_IDENTIFIER = "com.GT.nightelf.Design-Pattern-For-Swift";
				PRODUCT_NAME = "$(TARGET_NAME)";
				SWIFT_VERSION = 3.0;
			};
			name = Debug;
		};
		E3F1872420036DD8006BA9ED /* Release */ = {
			isa = XCBuildConfiguration;
			buildSettings = {
				ASSETCATALOG_COMPILER_APPICON_NAME = AppIcon;
				INFOPLIST_FILE = "Design-Pattern-For-Swift/Info.plist";
				LD_RUNPATH_SEARCH_PATHS = "$(inherited) @executable_path/Frameworks";
				PRODUCT_BUNDLE_IDENTIFIER = "com.GT.nightelf.Design-Pattern-For-Swift";
				PRODUCT_NAME = "$(TARGET_NAME)";
				SWIFT_VERSION = 3.0;
			};
			name = Release;
		};
		E3F1872620036DD8006BA9ED /* Debug */ = {
			isa = XCBuildConfiguration;
			buildSettings = {
				ALWAYS_EMBED_SWIFT_STANDARD_LIBRARIES = YES;
				BUNDLE_LOADER = "$(TEST_HOST)";
				INFOPLIST_FILE = "Design-Pattern-For-SwiftTests/Info.plist";
				LD_RUNPATH_SEARCH_PATHS = "$(inherited) @executable_path/Frameworks @loader_path/Frameworks";
				PRODUCT_BUNDLE_IDENTIFIER = "com.GT.nightelf.Design-Pattern-For-SwiftTests";
				PRODUCT_NAME = "$(TARGET_NAME)";
				SWIFT_VERSION = 3.0;
				TEST_HOST = "$(BUILT_PRODUCTS_DIR)/Design-Pattern-For-Swift.app/Design-Pattern-For-Swift";
			};
			name = Debug;
		};
		E3F1872720036DD8006BA9ED /* Release */ = {
			isa = XCBuildConfiguration;
			buildSettings = {
				ALWAYS_EMBED_SWIFT_STANDARD_LIBRARIES = YES;
				BUNDLE_LOADER = "$(TEST_HOST)";
				INFOPLIST_FILE = "Design-Pattern-For-SwiftTests/Info.plist";
				LD_RUNPATH_SEARCH_PATHS = "$(inherited) @executable_path/Frameworks @loader_path/Frameworks";
				PRODUCT_BUNDLE_IDENTIFIER = "com.GT.nightelf.Design-Pattern-For-SwiftTests";
				PRODUCT_NAME = "$(TARGET_NAME)";
				SWIFT_VERSION = 3.0;
				TEST_HOST = "$(BUILT_PRODUCTS_DIR)/Design-Pattern-For-Swift.app/Design-Pattern-For-Swift";
			};
			name = Release;
		};
		E3F1872920036DD8006BA9ED /* Debug */ = {
			isa = XCBuildConfiguration;
			buildSettings = {
				ALWAYS_EMBED_SWIFT_STANDARD_LIBRARIES = YES;
				INFOPLIST_FILE = "Design-Pattern-For-SwiftUITests/Info.plist";
				LD_RUNPATH_SEARCH_PATHS = "$(inherited) @executable_path/Frameworks @loader_path/Frameworks";
				PRODUCT_BUNDLE_IDENTIFIER = "com.GT.nightelf.Design-Pattern-For-SwiftUITests";
				PRODUCT_NAME = "$(TARGET_NAME)";
				SWIFT_VERSION = 3.0;
				TEST_TARGET_NAME = "Design-Pattern-For-Swift";
			};
			name = Debug;
		};
		E3F1872A20036DD8006BA9ED /* Release */ = {
			isa = XCBuildConfiguration;
			buildSettings = {
				ALWAYS_EMBED_SWIFT_STANDARD_LIBRARIES = YES;
				INFOPLIST_FILE = "Design-Pattern-For-SwiftUITests/Info.plist";
				LD_RUNPATH_SEARCH_PATHS = "$(inherited) @executable_path/Frameworks @loader_path/Frameworks";
				PRODUCT_BUNDLE_IDENTIFIER = "com.GT.nightelf.Design-Pattern-For-SwiftUITests";
				PRODUCT_NAME = "$(TARGET_NAME)";
				SWIFT_VERSION = 3.0;
				TEST_TARGET_NAME = "Design-Pattern-For-Swift";
			};
			name = Release;
		};
/* End XCBuildConfiguration section */

/* Begin XCConfigurationList section */
		E3F186F520036DD7006BA9ED /* Build configuration list for PBXProject "Design-Pattern-For-Swift" */ = {
			isa = XCConfigurationList;
			buildConfigurations = (
				E3F1872020036DD8006BA9ED /* Debug */,
				E3F1872120036DD8006BA9ED /* Release */,
			);
			defaultConfigurationIsVisible = 0;
			defaultConfigurationName = Release;
		};
		E3F1872220036DD8006BA9ED /* Build configuration list for PBXNativeTarget "Design-Pattern-For-Swift" */ = {
			isa = XCConfigurationList;
			buildConfigurations = (
				E3F1872320036DD8006BA9ED /* Debug */,
				E3F1872420036DD8006BA9ED /* Release */,
			);
			defaultConfigurationIsVisible = 0;
			defaultConfigurationName = Release;
		};
		E3F1872520036DD8006BA9ED /* Build configuration list for PBXNativeTarget "Design-Pattern-For-SwiftTests" */ = {
			isa = XCConfigurationList;
			buildConfigurations = (
				E3F1872620036DD8006BA9ED /* Debug */,
				E3F1872720036DD8006BA9ED /* Release */,
			);
			defaultConfigurationIsVisible = 0;
			defaultConfigurationName = Release;
		};
		E3F1872820036DD8006BA9ED /* Build configuration list for PBXNativeTarget "Design-Pattern-For-SwiftUITests" */ = {
			isa = XCConfigurationList;
			buildConfigurations = (
				E3F1872920036DD8006BA9ED /* Debug */,
				E3F1872A20036DD8006BA9ED /* Release */,
			);
			defaultConfigurationIsVisible = 0;
			defaultConfigurationName = Release;
		};
/* End XCConfigurationList section */
	};
	rootObject = E3F186F220036DD7006BA9ED /* Project object */;
}
